
Microsoft Visual Studio Solution File, Format Version 12.00
# Visual Studio Version 16
VisualStudioVersion = 16.0.30621.155
MinimumVisualStudioVersion = 10.0.40219.1
Project("{8BC9CEB8-8B4A-11D0-8D11-00A0C91BC942}") = "Bejeweled", "sdl1\Bejeweled\Bejeweled.vcxproj", "{141FF2E2-0961-475E-B89D-C4764A5C03AA}"
EndProject
Project("{8BC9CEB8-8B4A-11D0-8D11-00A0C91BC942}") = "galaxy", "sdl1\galaxy\galaxy.vcxproj", "{C5B94D67-7189-4DE3-A48A-24D8BBAB885A}"
EndProject
Project("{8BC9CEB8-8B4A-11D0-8D11-00A0C91BC942}") = "hexen", "sdl1\hexen\hexen.vcxproj", "{4A2D670A-A1DE-4391-B6D7-2B313F9F5499}"
EndProject
Project("{8BC9CEB8-8B4A-11D0-8D11-00A0C91BC942}") = "bermuda", "sdl1\BermudaSyndrom\bermuda.vcxproj", "{897EB14A-7906-47B1-9A00-112E3C274426}"
EndProject
Project("{8BC9CEB8-8B4A-11D0-8D11-00A0C91BC942}") = "bomberman", "sdl1\bomberman\bomberman.vcxproj", "{E1D3B71A-E643-4D01-AFDA-A8ABC8A9F122}"
EndProject
Project("{8BC9CEB8-8B4A-11D0-8D11-00A0C91BC942}") = "clonekeen", "sdl1\clonekeen\clonekeen.vcxproj", "{5EE44614-B8CE-4257-A1C6-66F831794C83}"
EndProject
Project("{8BC9CEB8-8B4A-11D0-8D11-00A0C91BC942}") = "tunneler", "sdl1\tunneler\tunneler.vcxproj", "{E898974B-379F-4CAF-BD32-CF12485ADF00}"
EndProject
Project("{8BC9CEB8-8B4A-11D0-8D11-00A0C91BC942}") = "roadfighter", "sdl1\roadfighter\roadfighter.vcxproj", "{C1CC95E4-3787-4A00-8986-AD84A986470E}"
EndProject
Project("{8BC9CEB8-8B4A-11D0-8D11-00A0C91BC942}") = "goonies", "sdl1\goonies\goonies.vcxproj", "{4940D44F-595F-4CCA-A10D-5DBDE4B9C884}"
EndProject
Project("{8BC9CEB8-8B4A-11D0-8D11-00A0C91BC942}") = "mog", "sdl1\mog\mog.vcxproj", "{B1F235CB-66E6-4C94-AD7A-90FC34A85F71}"
EndProject
Project("{8BC9CEB8-8B4A-11D0-8D11-00A0C91BC942}") = "lba1", "sdl1\LBA1\lba1.vcxproj", "{64184447-26CB-4926-84E1-7D14FE2FFC00}"
EndProject
Project("{8BC9CEB8-8B4A-11D0-8D11-00A0C91BC942}") = "LastMission", "sdl1\LastMission\lastmission.vcxproj", "{A341A6A4-6212-4AD1-9DCA-9C65B25B09C8}"
EndProject
Project("{8BC9CEB8-8B4A-11D0-8D11-00A0C91BC942}") = "gba_sdl", "sdl1\VisualBoyAdvance\win32\gba_sdl.vcxproj", "{CCC4389B-D478-44CB-BA20-7CE2847A9716}"
EndProject
Project("{8BC9CEB8-8B4A-11D0-8D11-00A0C91BC942}") = "theclue", "sdl1\theclue\theclue.vcxproj", "{820DFA41-47F0-4635-865B-7A37117F3A87}"
EndProject
Project("{8BC9CEB8-8B4A-11D0-8D11-00A0C91BC942}") = "gilbert", "sdl1\Gilbert\gilbert.vcxproj", "{1C62E259-8C58-40C9-AC29-C8CF0683DFFA}"
EndProject
Project("{8BC9CEB8-8B4A-11D0-8D11-00A0C91BC942}") = "savagewheels", "sdl1\savagewheels\savagewheels.vcxproj", "{C82545A0-A92A-4046-9F01-D6AD76DCAA63}"
EndProject
Project("{8BC9CEB8-8B4A-11D0-8D11-00A0C91BC942}") = "EOD4SDL", "sdl1\eod4sdl\EOD4SDL.vcxproj", "{411B026A-F58B-4E25-840B-4FE67710F762}"
EndProject
Project("{8BC9CEB8-8B4A-11D0-8D11-00A0C91BC942}") = "f1spirit", "sdl1\f1spirit\f1spirit.vcxproj", "{312E74FC-24A0-483E-BC7F-F598A8EA8A60}"
EndProject
Project("{8BC9CEB8-8B4A-11D0-8D11-00A0C91BC942}") = "TicTacToe", "sdl1\TicTacToe\TicTacToe.vcxproj", "{5C98DF4D-B87F-4CB3-80D8-597E8242D4DB}"
EndProject
Project("{8BC9CEB8-8B4A-11D0-8D11-00A0C91BC942}") = "gomoku", "sdl1\gomoku\SuperGomoku.vcxproj", "{36B576FD-3DF9-4A52-948F-B59C780F7281}"
EndProject
Project("{8BC9CEB8-8B4A-11D0-8D11-00A0C91BC942}") = "rockbot", "sdl1\rockbot\rockbot.vcxproj", "{0601C308-10B7-484D-B765-B29C6B1813AF}"
	ProjectSection(ProjectDependencies) = postProject
		{F6E427F7-D587-4D47-980A-A017BFD722AA} = {F6E427F7-D587-4D47-980A-A017BFD722AA}
	EndProjectSection
EndProject
Project("{8BC9CEB8-8B4A-11D0-8D11-00A0C91BC942}") = "sdlcl", "thirdparty\sdlcl\sdlcl.vcxproj", "{F6E427F7-D587-4D47-980A-A017BFD722AA}"
EndProject
Project("{8BC9CEB8-8B4A-11D0-8D11-00A0C91BC942}") = "SGL4", "sdl1\SGL4\SGL4.vcxproj", "{74AB4797-6E6C-4CCA-BF99-8167D3A5C978}"
EndProject
Project("{8BC9CEB8-8B4A-11D0-8D11-00A0C91BC942}") = "ri-li", "sdl1\ri-li\ri-li.vcxproj", "{25C2BC18-73FE-43FE-B5C0-EBE0B1A57E53}"
EndProject
Project("{8BC9CEB8-8B4A-11D0-8D11-00A0C91BC942}") = "xrick", "sdl1\xrick\xrick.vcxproj", "{717D51AC-0DDC-44F0-9E01-EC2F8D7B0E86}"
EndProject
Project("{8BC9CEB8-8B4A-11D0-8D11-00A0C91BC942}") = "tennix", "sdl1\tennix\tennix.vcxproj", "{129B4280-355E-4AEF-9786-10F81FBA30CB}"
EndProject
Project("{8BC9CEB8-8B4A-11D0-8D11-00A0C91BC942}") = "cannonball", "sdl1\cannonball\cannonball.vcxproj", "{63C77A6D-56A5-47C8-9A88-EC68DE610C74}"
EndProject
Project("{8BC9CEB8-8B4A-11D0-8D11-00A0C91BC942}") = "xargon", "sdl1\xargon\xargon.vcxproj", "{3974D1BD-3A99-4BA1-BF78-8E68A2B324AC}"
EndProject
Project("{8BC9CEB8-8B4A-11D0-8D11-00A0C91BC942}") = "metapacman", "sdl1\metapacman\metapacman.vcxproj", "{547EDDAA-BCE7-48AC-9822-ECB31E604D5A}"
EndProject
Global
	GlobalSection(SolutionConfigurationPlatforms) = preSolution
		Debug|x64 = Debug|x64
		Debug|x86 = Debug|x86
		MinSizeRel|x64 = MinSizeRel|x64
		MinSizeRel|x86 = MinSizeRel|x86
		Release|x64 = Release|x64
		Release|x86 = Release|x86
		RelWithDebInfo|x64 = RelWithDebInfo|x64
		RelWithDebInfo|x86 = RelWithDebInfo|x86
	EndGlobalSection
	GlobalSection(ProjectConfigurationPlatforms) = postSolution
		{141FF2E2-0961-475E-B89D-C4764A5C03AA}.Debug|x64.ActiveCfg = Debug|Win32
		{141FF2E2-0961-475E-B89D-C4764A5C03AA}.Debug|x86.ActiveCfg = Debug|Win32
		{141FF2E2-0961-475E-B89D-C4764A5C03AA}.Debug|x86.Build.0 = Debug|Win32
		{141FF2E2-0961-475E-B89D-C4764A5C03AA}.MinSizeRel|x64.ActiveCfg = Debug|Win32
		{141FF2E2-0961-475E-B89D-C4764A5C03AA}.MinSizeRel|x64.Build.0 = Debug|Win32
		{141FF2E2-0961-475E-B89D-C4764A5C03AA}.MinSizeRel|x86.ActiveCfg = Debug|Win32
		{141FF2E2-0961-475E-B89D-C4764A5C03AA}.MinSizeRel|x86.Build.0 = Debug|Win32
		{141FF2E2-0961-475E-B89D-C4764A5C03AA}.Release|x64.ActiveCfg = Release|Win32
		{141FF2E2-0961-475E-B89D-C4764A5C03AA}.Release|x86.ActiveCfg = Release|Win32
		{141FF2E2-0961-475E-B89D-C4764A5C03AA}.Release|x86.Build.0 = Release|Win32
		{141FF2E2-0961-475E-B89D-C4764A5C03AA}.RelWithDebInfo|x64.ActiveCfg = Debug|Win32
		{141FF2E2-0961-475E-B89D-C4764A5C03AA}.RelWithDebInfo|x64.Build.0 = Debug|Win32
		{141FF2E2-0961-475E-B89D-C4764A5C03AA}.RelWithDebInfo|x86.ActiveCfg = Release|Win32
		{141FF2E2-0961-475E-B89D-C4764A5C03AA}.RelWithDebInfo|x86.Build.0 = Release|Win32
		{C5B94D67-7189-4DE3-A48A-24D8BBAB885A}.Debug|x64.ActiveCfg = Debug|Win32
		{C5B94D67-7189-4DE3-A48A-24D8BBAB885A}.Debug|x86.ActiveCfg = Debug|Win32
		{C5B94D67-7189-4DE3-A48A-24D8BBAB885A}.Debug|x86.Build.0 = Debug|Win32
		{C5B94D67-7189-4DE3-A48A-24D8BBAB885A}.MinSizeRel|x64.ActiveCfg = Debug|Win32
		{C5B94D67-7189-4DE3-A48A-24D8BBAB885A}.MinSizeRel|x64.Build.0 = Debug|Win32
		{C5B94D67-7189-4DE3-A48A-24D8BBAB885A}.MinSizeRel|x86.ActiveCfg = Debug|Win32
		{C5B94D67-7189-4DE3-A48A-24D8BBAB885A}.MinSizeRel|x86.Build.0 = Debug|Win32
		{C5B94D67-7189-4DE3-A48A-24D8BBAB885A}.Release|x64.ActiveCfg = Release|Win32
		{C5B94D67-7189-4DE3-A48A-24D8BBAB885A}.Release|x86.ActiveCfg = Release|Win32
		{C5B94D67-7189-4DE3-A48A-24D8BBAB885A}.Release|x86.Build.0 = Release|Win32
		{C5B94D67-7189-4DE3-A48A-24D8BBAB885A}.RelWithDebInfo|x64.ActiveCfg = Debug|Win32
		{C5B94D67-7189-4DE3-A48A-24D8BBAB885A}.RelWithDebInfo|x64.Build.0 = Debug|Win32
		{C5B94D67-7189-4DE3-A48A-24D8BBAB885A}.RelWithDebInfo|x86.ActiveCfg = Release|Win32
		{C5B94D67-7189-4DE3-A48A-24D8BBAB885A}.RelWithDebInfo|x86.Build.0 = Release|Win32
		{4A2D670A-A1DE-4391-B6D7-2B313F9F5499}.Debug|x64.ActiveCfg = Debug|Win32
		{4A2D670A-A1DE-4391-B6D7-2B313F9F5499}.Debug|x86.ActiveCfg = Debug|Win32
		{4A2D670A-A1DE-4391-B6D7-2B313F9F5499}.Debug|x86.Build.0 = Debug|Win32
		{4A2D670A-A1DE-4391-B6D7-2B313F9F5499}.MinSizeRel|x64.ActiveCfg = Debug|Win32
		{4A2D670A-A1DE-4391-B6D7-2B313F9F5499}.MinSizeRel|x64.Build.0 = Debug|Win32
		{4A2D670A-A1DE-4391-B6D7-2B313F9F5499}.MinSizeRel|x86.ActiveCfg = Debug|Win32
		{4A2D670A-A1DE-4391-B6D7-2B313F9F5499}.MinSizeRel|x86.Build.0 = Debug|Win32
		{4A2D670A-A1DE-4391-B6D7-2B313F9F5499}.Release|x64.ActiveCfg = Release|Win32
		{4A2D670A-A1DE-4391-B6D7-2B313F9F5499}.Release|x86.ActiveCfg = Release|Win32
		{4A2D670A-A1DE-4391-B6D7-2B313F9F5499}.Release|x86.Build.0 = Release|Win32
		{4A2D670A-A1DE-4391-B6D7-2B313F9F5499}.RelWithDebInfo|x64.ActiveCfg = Debug|Win32
		{4A2D670A-A1DE-4391-B6D7-2B313F9F5499}.RelWithDebInfo|x64.Build.0 = Debug|Win32
		{4A2D670A-A1DE-4391-B6D7-2B313F9F5499}.RelWithDebInfo|x86.ActiveCfg = Release|Win32
		{4A2D670A-A1DE-4391-B6D7-2B313F9F5499}.RelWithDebInfo|x86.Build.0 = Release|Win32
		{897EB14A-7906-47B1-9A00-112E3C274426}.Debug|x64.ActiveCfg = Debug|x64
		{897EB14A-7906-47B1-9A00-112E3C274426}.Debug|x64.Build.0 = Debug|x64
		{897EB14A-7906-47B1-9A00-112E3C274426}.Debug|x86.ActiveCfg = Debug|Win32
		{897EB14A-7906-47B1-9A00-112E3C274426}.Debug|x86.Build.0 = Debug|Win32
		{897EB14A-7906-47B1-9A00-112E3C274426}.MinSizeRel|x64.ActiveCfg = Debug|x64
		{897EB14A-7906-47B1-9A00-112E3C274426}.MinSizeRel|x64.Build.0 = Debug|x64
		{897EB14A-7906-47B1-9A00-112E3C274426}.MinSizeRel|x86.ActiveCfg = Debug|Win32
		{897EB14A-7906-47B1-9A00-112E3C274426}.MinSizeRel|x86.Build.0 = Debug|Win32
		{897EB14A-7906-47B1-9A00-112E3C274426}.Release|x64.ActiveCfg = Release|x64
		{897EB14A-7906-47B1-9A00-112E3C274426}.Release|x64.Build.0 = Release|x64
		{897EB14A-7906-47B1-9A00-112E3C274426}.Release|x86.ActiveCfg = Release|Win32
		{897EB14A-7906-47B1-9A00-112E3C274426}.Release|x86.Build.0 = Release|Win32
		{897EB14A-7906-47B1-9A00-112E3C274426}.RelWithDebInfo|x64.ActiveCfg = Release|x64
		{897EB14A-7906-47B1-9A00-112E3C274426}.RelWithDebInfo|x64.Build.0 = Release|x64
		{897EB14A-7906-47B1-9A00-112E3C274426}.RelWithDebInfo|x86.ActiveCfg = Release|Win32
		{897EB14A-7906-47B1-9A00-112E3C274426}.RelWithDebInfo|x86.Build.0 = Release|Win32
		{E1D3B71A-E643-4D01-AFDA-A8ABC8A9F122}.Debug|x64.ActiveCfg = Debug|x64
		{E1D3B71A-E643-4D01-AFDA-A8ABC8A9F122}.Debug|x64.Build.0 = Debug|x64
		{E1D3B71A-E643-4D01-AFDA-A8ABC8A9F122}.Debug|x86.ActiveCfg = Debug|Win32
		{E1D3B71A-E643-4D01-AFDA-A8ABC8A9F122}.Debug|x86.Build.0 = Debug|Win32
		{E1D3B71A-E643-4D01-AFDA-A8ABC8A9F122}.MinSizeRel|x64.ActiveCfg = Debug|x64
		{E1D3B71A-E643-4D01-AFDA-A8ABC8A9F122}.MinSizeRel|x64.Build.0 = Debug|x64
		{E1D3B71A-E643-4D01-AFDA-A8ABC8A9F122}.MinSizeRel|x86.ActiveCfg = Debug|Win32
		{E1D3B71A-E643-4D01-AFDA-A8ABC8A9F122}.MinSizeRel|x86.Build.0 = Debug|Win32
		{E1D3B71A-E643-4D01-AFDA-A8ABC8A9F122}.Release|x64.ActiveCfg = Release|x64
		{E1D3B71A-E643-4D01-AFDA-A8ABC8A9F122}.Release|x64.Build.0 = Release|x64
		{E1D3B71A-E643-4D01-AFDA-A8ABC8A9F122}.Release|x86.ActiveCfg = Release|Win32
		{E1D3B71A-E643-4D01-AFDA-A8ABC8A9F122}.Release|x86.Build.0 = Release|Win32
		{E1D3B71A-E643-4D01-AFDA-A8ABC8A9F122}.RelWithDebInfo|x64.ActiveCfg = Release|x64
		{E1D3B71A-E643-4D01-AFDA-A8ABC8A9F122}.RelWithDebInfo|x64.Build.0 = Release|x64
		{E1D3B71A-E643-4D01-AFDA-A8ABC8A9F122}.RelWithDebInfo|x86.ActiveCfg = Release|Win32
		{E1D3B71A-E643-4D01-AFDA-A8ABC8A9F122}.RelWithDebInfo|x86.Build.0 = Release|Win32
		{5EE44614-B8CE-4257-A1C6-66F831794C83}.Debug|x64.ActiveCfg = Debug|x64
		{5EE44614-B8CE-4257-A1C6-66F831794C83}.Debug|x64.Build.0 = Debug|x64
		{5EE44614-B8CE-4257-A1C6-66F831794C83}.Debug|x86.ActiveCfg = Debug|Win32
		{5EE44614-B8CE-4257-A1C6-66F831794C83}.Debug|x86.Build.0 = Debug|Win32
		{5EE44614-B8CE-4257-A1C6-66F831794C83}.MinSizeRel|x64.ActiveCfg = Debug|x64
		{5EE44614-B8CE-4257-A1C6-66F831794C83}.MinSizeRel|x64.Build.0 = Debug|x64
		{5EE44614-B8CE-4257-A1C6-66F831794C83}.MinSizeRel|x86.ActiveCfg = Debug|Win32
		{5EE44614-B8CE-4257-A1C6-66F831794C83}.MinSizeRel|x86.Build.0 = Debug|Win32
		{5EE44614-B8CE-4257-A1C6-66F831794C83}.Release|x64.ActiveCfg = Release|x64
		{5EE44614-B8CE-4257-A1C6-66F831794C83}.Release|x64.Build.0 = Release|x64
		{5EE44614-B8CE-4257-A1C6-66F831794C83}.Release|x86.ActiveCfg = Release|Win32
		{5EE44614-B8CE-4257-A1C6-66F831794C83}.Release|x86.Build.0 = Release|Win32
		{5EE44614-B8CE-4257-A1C6-66F831794C83}.RelWithDebInfo|x64.ActiveCfg = Release|x64
		{5EE44614-B8CE-4257-A1C6-66F831794C83}.RelWithDebInfo|x64.Build.0 = Release|x64
		{5EE44614-B8CE-4257-A1C6-66F831794C83}.RelWithDebInfo|x86.ActiveCfg = Release|Win32
		{5EE44614-B8CE-4257-A1C6-66F831794C83}.RelWithDebInfo|x86.Build.0 = Release|Win32
		{E898974B-379F-4CAF-BD32-CF12485ADF00}.Debug|x64.ActiveCfg = Debug|x64
		{E898974B-379F-4CAF-BD32-CF12485ADF00}.Debug|x64.Build.0 = Debug|x64
		{E898974B-379F-4CAF-BD32-CF12485ADF00}.Debug|x86.ActiveCfg = Debug|Win32
		{E898974B-379F-4CAF-BD32-CF12485ADF00}.Debug|x86.Build.0 = Debug|Win32
		{E898974B-379F-4CAF-BD32-CF12485ADF00}.MinSizeRel|x64.ActiveCfg = Debug|x64
		{E898974B-379F-4CAF-BD32-CF12485ADF00}.MinSizeRel|x64.Build.0 = Debug|x64
		{E898974B-379F-4CAF-BD32-CF12485ADF00}.MinSizeRel|x86.ActiveCfg = Debug|Win32
		{E898974B-379F-4CAF-BD32-CF12485ADF00}.MinSizeRel|x86.Build.0 = Debug|Win32
		{E898974B-379F-4CAF-BD32-CF12485ADF00}.Release|x64.ActiveCfg = Release|x64
		{E898974B-379F-4CAF-BD32-CF12485ADF00}.Release|x64.Build.0 = Release|x64
		{E898974B-379F-4CAF-BD32-CF12485ADF00}.Release|x86.ActiveCfg = Release|Win32
		{E898974B-379F-4CAF-BD32-CF12485ADF00}.Release|x86.Build.0 = Release|Win32
		{E898974B-379F-4CAF-BD32-CF12485ADF00}.RelWithDebInfo|x64.ActiveCfg = Release|x64
		{E898974B-379F-4CAF-BD32-CF12485ADF00}.RelWithDebInfo|x64.Build.0 = Release|x64
		{E898974B-379F-4CAF-BD32-CF12485ADF00}.RelWithDebInfo|x86.ActiveCfg = Release|Win32
		{E898974B-379F-4CAF-BD32-CF12485ADF00}.RelWithDebInfo|x86.Build.0 = Release|Win32
		{C1CC95E4-3787-4A00-8986-AD84A986470E}.Debug|x64.ActiveCfg = Debug|x64
		{C1CC95E4-3787-4A00-8986-AD84A986470E}.Debug|x64.Build.0 = Debug|x64
		{C1CC95E4-3787-4A00-8986-AD84A986470E}.Debug|x86.ActiveCfg = Debug|Win32
		{C1CC95E4-3787-4A00-8986-AD84A986470E}.Debug|x86.Build.0 = Debug|Win32
		{C1CC95E4-3787-4A00-8986-AD84A986470E}.MinSizeRel|x64.ActiveCfg = Debug|x64
		{C1CC95E4-3787-4A00-8986-AD84A986470E}.MinSizeRel|x64.Build.0 = Debug|x64
		{C1CC95E4-3787-4A00-8986-AD84A986470E}.MinSizeRel|x86.ActiveCfg = Debug|Win32
		{C1CC95E4-3787-4A00-8986-AD84A986470E}.MinSizeRel|x86.Build.0 = Debug|Win32
		{C1CC95E4-3787-4A00-8986-AD84A986470E}.Release|x64.ActiveCfg = Release|x64
		{C1CC95E4-3787-4A00-8986-AD84A986470E}.Release|x64.Build.0 = Release|x64
		{C1CC95E4-3787-4A00-8986-AD84A986470E}.Release|x86.ActiveCfg = Release|Win32
		{C1CC95E4-3787-4A00-8986-AD84A986470E}.Release|x86.Build.0 = Release|Win32
		{C1CC95E4-3787-4A00-8986-AD84A986470E}.RelWithDebInfo|x64.ActiveCfg = Release|x64
		{C1CC95E4-3787-4A00-8986-AD84A986470E}.RelWithDebInfo|x64.Build.0 = Release|x64
		{C1CC95E4-3787-4A00-8986-AD84A986470E}.RelWithDebInfo|x86.ActiveCfg = Release|Win32
		{C1CC95E4-3787-4A00-8986-AD84A986470E}.RelWithDebInfo|x86.Build.0 = Release|Win32
		{4940D44F-595F-4CCA-A10D-5DBDE4B9C884}.Debug|x64.ActiveCfg = Debug|x64
		{4940D44F-595F-4CCA-A10D-5DBDE4B9C884}.Debug|x64.Build.0 = Debug|x64
		{4940D44F-595F-4CCA-A10D-5DBDE4B9C884}.Debug|x86.ActiveCfg = Debug|Win32
		{4940D44F-595F-4CCA-A10D-5DBDE4B9C884}.Debug|x86.Build.0 = Debug|Win32
		{4940D44F-595F-4CCA-A10D-5DBDE4B9C884}.MinSizeRel|x64.ActiveCfg = Debug|x64
		{4940D44F-595F-4CCA-A10D-5DBDE4B9C884}.MinSizeRel|x64.Build.0 = Debug|x64
		{4940D44F-595F-4CCA-A10D-5DBDE4B9C884}.MinSizeRel|x86.ActiveCfg = Debug|Win32
		{4940D44F-595F-4CCA-A10D-5DBDE4B9C884}.MinSizeRel|x86.Build.0 = Debug|Win32
		{4940D44F-595F-4CCA-A10D-5DBDE4B9C884}.Release|x64.ActiveCfg = Release|x64
		{4940D44F-595F-4CCA-A10D-5DBDE4B9C884}.Release|x64.Build.0 = Release|x64
		{4940D44F-595F-4CCA-A10D-5DBDE4B9C884}.Release|x86.ActiveCfg = Release|Win32
		{4940D44F-595F-4CCA-A10D-5DBDE4B9C884}.Release|x86.Build.0 = Release|Win32
		{4940D44F-595F-4CCA-A10D-5DBDE4B9C884}.RelWithDebInfo|x64.ActiveCfg = Release|x64
		{4940D44F-595F-4CCA-A10D-5DBDE4B9C884}.RelWithDebInfo|x64.Build.0 = Release|x64
		{4940D44F-595F-4CCA-A10D-5DBDE4B9C884}.RelWithDebInfo|x86.ActiveCfg = Release|Win32
		{4940D44F-595F-4CCA-A10D-5DBDE4B9C884}.RelWithDebInfo|x86.Build.0 = Release|Win32
		{B1F235CB-66E6-4C94-AD7A-90FC34A85F71}.Debug|x64.ActiveCfg = Debug|Win32
		{B1F235CB-66E6-4C94-AD7A-90FC34A85F71}.Debug|x86.ActiveCfg = Debug|Win32
		{B1F235CB-66E6-4C94-AD7A-90FC34A85F71}.Debug|x86.Build.0 = Debug|Win32
		{B1F235CB-66E6-4C94-AD7A-90FC34A85F71}.MinSizeRel|x64.ActiveCfg = Debug|Win32
		{B1F235CB-66E6-4C94-AD7A-90FC34A85F71}.MinSizeRel|x64.Build.0 = Debug|Win32
		{B1F235CB-66E6-4C94-AD7A-90FC34A85F71}.MinSizeRel|x86.ActiveCfg = Debug|Win32
		{B1F235CB-66E6-4C94-AD7A-90FC34A85F71}.MinSizeRel|x86.Build.0 = Debug|Win32
		{B1F235CB-66E6-4C94-AD7A-90FC34A85F71}.Release|x64.ActiveCfg = Release|Win32
		{B1F235CB-66E6-4C94-AD7A-90FC34A85F71}.Release|x86.ActiveCfg = Release|Win32
		{B1F235CB-66E6-4C94-AD7A-90FC34A85F71}.Release|x86.Build.0 = Release|Win32
		{B1F235CB-66E6-4C94-AD7A-90FC34A85F71}.RelWithDebInfo|x64.ActiveCfg = Debug|Win32
		{B1F235CB-66E6-4C94-AD7A-90FC34A85F71}.RelWithDebInfo|x64.Build.0 = Debug|Win32
		{B1F235CB-66E6-4C94-AD7A-90FC34A85F71}.RelWithDebInfo|x86.ActiveCfg = Release|Win32
		{B1F235CB-66E6-4C94-AD7A-90FC34A85F71}.RelWithDebInfo|x86.Build.0 = Release|Win32
		{64184447-26CB-4926-84E1-7D14FE2FFC00}.Debug|x64.ActiveCfg = Debug|x64
		{64184447-26CB-4926-84E1-7D14FE2FFC00}.Debug|x64.Build.0 = Debug|x64
		{64184447-26CB-4926-84E1-7D14FE2FFC00}.Debug|x86.ActiveCfg = Debug|Win32
		{64184447-26CB-4926-84E1-7D14FE2FFC00}.Debug|x86.Build.0 = Debug|Win32
		{64184447-26CB-4926-84E1-7D14FE2FFC00}.MinSizeRel|x64.ActiveCfg = Debug|x64
		{64184447-26CB-4926-84E1-7D14FE2FFC00}.MinSizeRel|x64.Build.0 = Debug|x64
		{64184447-26CB-4926-84E1-7D14FE2FFC00}.MinSizeRel|x86.ActiveCfg = Debug|Win32
		{64184447-26CB-4926-84E1-7D14FE2FFC00}.MinSizeRel|x86.Build.0 = Debug|Win32
		{64184447-26CB-4926-84E1-7D14FE2FFC00}.Release|x64.ActiveCfg = Release|x64
		{64184447-26CB-4926-84E1-7D14FE2FFC00}.Release|x64.Build.0 = Release|x64
		{64184447-26CB-4926-84E1-7D14FE2FFC00}.Release|x86.ActiveCfg = Release|Win32
		{64184447-26CB-4926-84E1-7D14FE2FFC00}.Release|x86.Build.0 = Release|Win32
		{64184447-26CB-4926-84E1-7D14FE2FFC00}.RelWithDebInfo|x64.ActiveCfg = Release|x64
		{64184447-26CB-4926-84E1-7D14FE2FFC00}.RelWithDebInfo|x64.Build.0 = Release|x64
		{64184447-26CB-4926-84E1-7D14FE2FFC00}.RelWithDebInfo|x86.ActiveCfg = Release|Win32
		{64184447-26CB-4926-84E1-7D14FE2FFC00}.RelWithDebInfo|x86.Build.0 = Release|Win32
		{A341A6A4-6212-4AD1-9DCA-9C65B25B09C8}.Debug|x64.ActiveCfg = Debug|x64
		{A341A6A4-6212-4AD1-9DCA-9C65B25B09C8}.Debug|x64.Build.0 = Debug|x64
		{A341A6A4-6212-4AD1-9DCA-9C65B25B09C8}.Debug|x86.ActiveCfg = Debug|Win32
		{A341A6A4-6212-4AD1-9DCA-9C65B25B09C8}.Debug|x86.Build.0 = Debug|Win32
		{A341A6A4-6212-4AD1-9DCA-9C65B25B09C8}.MinSizeRel|x64.ActiveCfg = Debug|x64
		{A341A6A4-6212-4AD1-9DCA-9C65B25B09C8}.MinSizeRel|x64.Build.0 = Debug|x64
		{A341A6A4-6212-4AD1-9DCA-9C65B25B09C8}.MinSizeRel|x86.ActiveCfg = Debug|Win32
		{A341A6A4-6212-4AD1-9DCA-9C65B25B09C8}.MinSizeRel|x86.Build.0 = Debug|Win32
		{A341A6A4-6212-4AD1-9DCA-9C65B25B09C8}.Release|x64.ActiveCfg = Release|x64
		{A341A6A4-6212-4AD1-9DCA-9C65B25B09C8}.Release|x64.Build.0 = Release|x64
		{A341A6A4-6212-4AD1-9DCA-9C65B25B09C8}.Release|x86.ActiveCfg = Release|Win32
		{A341A6A4-6212-4AD1-9DCA-9C65B25B09C8}.Release|x86.Build.0 = Release|Win32
		{A341A6A4-6212-4AD1-9DCA-9C65B25B09C8}.RelWithDebInfo|x64.ActiveCfg = Release|x64
		{A341A6A4-6212-4AD1-9DCA-9C65B25B09C8}.RelWithDebInfo|x64.Build.0 = Release|x64
		{A341A6A4-6212-4AD1-9DCA-9C65B25B09C8}.RelWithDebInfo|x86.ActiveCfg = Release|Win32
		{A341A6A4-6212-4AD1-9DCA-9C65B25B09C8}.RelWithDebInfo|x86.Build.0 = Release|Win32
		{CCC4389B-D478-44CB-BA20-7CE2847A9716}.Debug|x64.ActiveCfg = Debug|Win32
		{CCC4389B-D478-44CB-BA20-7CE2847A9716}.Debug|x86.ActiveCfg = Debug|Win32
		{CCC4389B-D478-44CB-BA20-7CE2847A9716}.Debug|x86.Build.0 = Debug|Win32
		{CCC4389B-D478-44CB-BA20-7CE2847A9716}.MinSizeRel|x64.ActiveCfg = Debug|Win32
		{CCC4389B-D478-44CB-BA20-7CE2847A9716}.MinSizeRel|x64.Build.0 = Debug|Win32
		{CCC4389B-D478-44CB-BA20-7CE2847A9716}.MinSizeRel|x86.ActiveCfg = Debug|Win32
		{CCC4389B-D478-44CB-BA20-7CE2847A9716}.MinSizeRel|x86.Build.0 = Debug|Win32
		{CCC4389B-D478-44CB-BA20-7CE2847A9716}.Release|x64.ActiveCfg = Release|Win32
		{CCC4389B-D478-44CB-BA20-7CE2847A9716}.Release|x86.ActiveCfg = Release|Win32
		{CCC4389B-D478-44CB-BA20-7CE2847A9716}.Release|x86.Build.0 = Release|Win32
		{CCC4389B-D478-44CB-BA20-7CE2847A9716}.RelWithDebInfo|x64.ActiveCfg = Debug|Win32
		{CCC4389B-D478-44CB-BA20-7CE2847A9716}.RelWithDebInfo|x64.Build.0 = Debug|Win32
		{CCC4389B-D478-44CB-BA20-7CE2847A9716}.RelWithDebInfo|x86.ActiveCfg = Release|Win32
		{CCC4389B-D478-44CB-BA20-7CE2847A9716}.RelWithDebInfo|x86.Build.0 = Release|Win32
		{820DFA41-47F0-4635-865B-7A37117F3A87}.Debug|x64.ActiveCfg = Debug|x64
		{820DFA41-47F0-4635-865B-7A37117F3A87}.Debug|x64.Build.0 = Debug|x64
		{820DFA41-47F0-4635-865B-7A37117F3A87}.Debug|x86.ActiveCfg = Debug|Win32
		{820DFA41-47F0-4635-865B-7A37117F3A87}.Debug|x86.Build.0 = Debug|Win32
		{820DFA41-47F0-4635-865B-7A37117F3A87}.MinSizeRel|x64.ActiveCfg = Debug|x64
		{820DFA41-47F0-4635-865B-7A37117F3A87}.MinSizeRel|x64.Build.0 = Debug|x64
		{820DFA41-47F0-4635-865B-7A37117F3A87}.MinSizeRel|x86.ActiveCfg = Debug|Win32
		{820DFA41-47F0-4635-865B-7A37117F3A87}.MinSizeRel|x86.Build.0 = Debug|Win32
		{820DFA41-47F0-4635-865B-7A37117F3A87}.Release|x64.ActiveCfg = Release|x64
		{820DFA41-47F0-4635-865B-7A37117F3A87}.Release|x64.Build.0 = Release|x64
		{820DFA41-47F0-4635-865B-7A37117F3A87}.Release|x86.ActiveCfg = Release|Win32
		{820DFA41-47F0-4635-865B-7A37117F3A87}.Release|x86.Build.0 = Release|Win32
		{820DFA41-47F0-4635-865B-7A37117F3A87}.RelWithDebInfo|x64.ActiveCfg = Release|x64
		{820DFA41-47F0-4635-865B-7A37117F3A87}.RelWithDebInfo|x64.Build.0 = Release|x64
		{820DFA41-47F0-4635-865B-7A37117F3A87}.RelWithDebInfo|x86.ActiveCfg = Release|Win32
		{820DFA41-47F0-4635-865B-7A37117F3A87}.RelWithDebInfo|x86.Build.0 = Release|Win32
		{1C62E259-8C58-40C9-AC29-C8CF0683DFFA}.Debug|x64.ActiveCfg = Debug|x64
		{1C62E259-8C58-40C9-AC29-C8CF0683DFFA}.Debug|x64.Build.0 = Debug|x64
		{1C62E259-8C58-40C9-AC29-C8CF0683DFFA}.Debug|x86.ActiveCfg = Debug|Win32
		{1C62E259-8C58-40C9-AC29-C8CF0683DFFA}.Debug|x86.Build.0 = Debug|Win32
		{1C62E259-8C58-40C9-AC29-C8CF0683DFFA}.MinSizeRel|x64.ActiveCfg = Debug|x64
		{1C62E259-8C58-40C9-AC29-C8CF0683DFFA}.MinSizeRel|x64.Build.0 = Debug|x64
		{1C62E259-8C58-40C9-AC29-C8CF0683DFFA}.MinSizeRel|x86.ActiveCfg = Debug|Win32
		{1C62E259-8C58-40C9-AC29-C8CF0683DFFA}.MinSizeRel|x86.Build.0 = Debug|Win32
		{1C62E259-8C58-40C9-AC29-C8CF0683DFFA}.Release|x64.ActiveCfg = Release|x64
		{1C62E259-8C58-40C9-AC29-C8CF0683DFFA}.Release|x64.Build.0 = Release|x64
		{1C62E259-8C58-40C9-AC29-C8CF0683DFFA}.Release|x86.ActiveCfg = Release|Win32
		{1C62E259-8C58-40C9-AC29-C8CF0683DFFA}.Release|x86.Build.0 = Release|Win32
		{1C62E259-8C58-40C9-AC29-C8CF0683DFFA}.RelWithDebInfo|x64.ActiveCfg = Release|x64
		{1C62E259-8C58-40C9-AC29-C8CF0683DFFA}.RelWithDebInfo|x64.Build.0 = Release|x64
		{1C62E259-8C58-40C9-AC29-C8CF0683DFFA}.RelWithDebInfo|x86.ActiveCfg = Release|Win32
		{1C62E259-8C58-40C9-AC29-C8CF0683DFFA}.RelWithDebInfo|x86.Build.0 = Release|Win32
		{C82545A0-A92A-4046-9F01-D6AD76DCAA63}.Debug|x64.ActiveCfg = Debug|x64
		{C82545A0-A92A-4046-9F01-D6AD76DCAA63}.Debug|x64.Build.0 = Debug|x64
		{C82545A0-A92A-4046-9F01-D6AD76DCAA63}.Debug|x86.ActiveCfg = Debug|Win32
		{C82545A0-A92A-4046-9F01-D6AD76DCAA63}.Debug|x86.Build.0 = Debug|Win32
		{C82545A0-A92A-4046-9F01-D6AD76DCAA63}.MinSizeRel|x64.ActiveCfg = Debug|x64
		{C82545A0-A92A-4046-9F01-D6AD76DCAA63}.MinSizeRel|x64.Build.0 = Debug|x64
		{C82545A0-A92A-4046-9F01-D6AD76DCAA63}.MinSizeRel|x86.ActiveCfg = Debug|Win32
		{C82545A0-A92A-4046-9F01-D6AD76DCAA63}.MinSizeRel|x86.Build.0 = Debug|Win32
		{C82545A0-A92A-4046-9F01-D6AD76DCAA63}.Release|x64.ActiveCfg = Release|x64
		{C82545A0-A92A-4046-9F01-D6AD76DCAA63}.Release|x64.Build.0 = Release|x64
		{C82545A0-A92A-4046-9F01-D6AD76DCAA63}.Release|x86.ActiveCfg = Release|Win32
		{C82545A0-A92A-4046-9F01-D6AD76DCAA63}.Release|x86.Build.0 = Release|Win32
		{C82545A0-A92A-4046-9F01-D6AD76DCAA63}.RelWithDebInfo|x64.ActiveCfg = Release|x64
		{C82545A0-A92A-4046-9F01-D6AD76DCAA63}.RelWithDebInfo|x64.Build.0 = Release|x64
		{C82545A0-A92A-4046-9F01-D6AD76DCAA63}.RelWithDebInfo|x86.ActiveCfg = Release|Win32
		{C82545A0-A92A-4046-9F01-D6AD76DCAA63}.RelWithDebInfo|x86.Build.0 = Release|Win32
		{411B026A-F58B-4E25-840B-4FE67710F762}.Debug|x64.ActiveCfg = Debug|Win32
		{411B026A-F58B-4E25-840B-4FE67710F762}.Debug|x86.ActiveCfg = Debug|Win32
		{411B026A-F58B-4E25-840B-4FE67710F762}.Debug|x86.Build.0 = Debug|Win32
		{411B026A-F58B-4E25-840B-4FE67710F762}.MinSizeRel|x64.ActiveCfg = Debug|Win32
		{411B026A-F58B-4E25-840B-4FE67710F762}.MinSizeRel|x86.ActiveCfg = Debug|Win32
		{411B026A-F58B-4E25-840B-4FE67710F762}.Release|x64.ActiveCfg = Release|Win32
		{411B026A-F58B-4E25-840B-4FE67710F762}.Release|x86.ActiveCfg = Release|Win32
		{411B026A-F58B-4E25-840B-4FE67710F762}.Release|x86.Build.0 = Release|Win32
		{411B026A-F58B-4E25-840B-4FE67710F762}.RelWithDebInfo|x64.ActiveCfg = Debug|Win32
		{411B026A-F58B-4E25-840B-4FE67710F762}.RelWithDebInfo|x86.ActiveCfg = Release|Win32
		{312E74FC-24A0-483E-BC7F-F598A8EA8A60}.Debug|x64.ActiveCfg = Debug|x64
		{312E74FC-24A0-483E-BC7F-F598A8EA8A60}.Debug|x64.Build.0 = Debug|x64
		{312E74FC-24A0-483E-BC7F-F598A8EA8A60}.Debug|x86.ActiveCfg = Debug|Win32
		{312E74FC-24A0-483E-BC7F-F598A8EA8A60}.Debug|x86.Build.0 = Debug|Win32
		{312E74FC-24A0-483E-BC7F-F598A8EA8A60}.MinSizeRel|x64.ActiveCfg = Debug|x64
		{312E74FC-24A0-483E-BC7F-F598A8EA8A60}.MinSizeRel|x64.Build.0 = Debug|x64
		{312E74FC-24A0-483E-BC7F-F598A8EA8A60}.MinSizeRel|x86.ActiveCfg = Debug|Win32
		{312E74FC-24A0-483E-BC7F-F598A8EA8A60}.MinSizeRel|x86.Build.0 = Debug|Win32
		{312E74FC-24A0-483E-BC7F-F598A8EA8A60}.Release|x64.ActiveCfg = Release|x64
		{312E74FC-24A0-483E-BC7F-F598A8EA8A60}.Release|x64.Build.0 = Release|x64
		{312E74FC-24A0-483E-BC7F-F598A8EA8A60}.Release|x86.ActiveCfg = Release|Win32
		{312E74FC-24A0-483E-BC7F-F598A8EA8A60}.Release|x86.Build.0 = Release|Win32
		{312E74FC-24A0-483E-BC7F-F598A8EA8A60}.RelWithDebInfo|x64.ActiveCfg = Release|x64
		{312E74FC-24A0-483E-BC7F-F598A8EA8A60}.RelWithDebInfo|x64.Build.0 = Release|x64
		{312E74FC-24A0-483E-BC7F-F598A8EA8A60}.RelWithDebInfo|x86.ActiveCfg = Release|Win32
		{312E74FC-24A0-483E-BC7F-F598A8EA8A60}.RelWithDebInfo|x86.Build.0 = Release|Win32
		{5C98DF4D-B87F-4CB3-80D8-597E8242D4DB}.Debug|x64.ActiveCfg = Debug|Win32
		{5C98DF4D-B87F-4CB3-80D8-597E8242D4DB}.Debug|x86.ActiveCfg = Debug|Win32
		{5C98DF4D-B87F-4CB3-80D8-597E8242D4DB}.Debug|x86.Build.0 = Debug|Win32
		{5C98DF4D-B87F-4CB3-80D8-597E8242D4DB}.MinSizeRel|x64.ActiveCfg = Debug|Win32
		{5C98DF4D-B87F-4CB3-80D8-597E8242D4DB}.MinSizeRel|x64.Build.0 = Debug|Win32
		{5C98DF4D-B87F-4CB3-80D8-597E8242D4DB}.MinSizeRel|x86.ActiveCfg = Debug|Win32
		{5C98DF4D-B87F-4CB3-80D8-597E8242D4DB}.MinSizeRel|x86.Build.0 = Debug|Win32
		{5C98DF4D-B87F-4CB3-80D8-597E8242D4DB}.Release|x64.ActiveCfg = Release|Win32
		{5C98DF4D-B87F-4CB3-80D8-597E8242D4DB}.Release|x86.ActiveCfg = Release|Win32
		{5C98DF4D-B87F-4CB3-80D8-597E8242D4DB}.Release|x86.Build.0 = Release|Win32
		{5C98DF4D-B87F-4CB3-80D8-597E8242D4DB}.RelWithDebInfo|x64.ActiveCfg = Debug|Win32
		{5C98DF4D-B87F-4CB3-80D8-597E8242D4DB}.RelWithDebInfo|x64.Build.0 = Debug|Win32
		{5C98DF4D-B87F-4CB3-80D8-597E8242D4DB}.RelWithDebInfo|x86.ActiveCfg = Release|Win32
		{5C98DF4D-B87F-4CB3-80D8-597E8242D4DB}.RelWithDebInfo|x86.Build.0 = Release|Win32
		{36B576FD-3DF9-4A52-948F-B59C780F7281}.Debug|x64.ActiveCfg = Debug|Win32
		{36B576FD-3DF9-4A52-948F-B59C780F7281}.Debug|x86.ActiveCfg = Debug|Win32
		{36B576FD-3DF9-4A52-948F-B59C780F7281}.Debug|x86.Build.0 = Debug|Win32
		{36B576FD-3DF9-4A52-948F-B59C780F7281}.MinSizeRel|x64.ActiveCfg = Debug|Win32
		{36B576FD-3DF9-4A52-948F-B59C780F7281}.MinSizeRel|x64.Build.0 = Debug|Win32
		{36B576FD-3DF9-4A52-948F-B59C780F7281}.MinSizeRel|x86.ActiveCfg = Debug|Win32
		{36B576FD-3DF9-4A52-948F-B59C780F7281}.MinSizeRel|x86.Build.0 = Debug|Win32
		{36B576FD-3DF9-4A52-948F-B59C780F7281}.Release|x64.ActiveCfg = Release|Win32
		{36B576FD-3DF9-4A52-948F-B59C780F7281}.Release|x86.ActiveCfg = Release|Win32
		{36B576FD-3DF9-4A52-948F-B59C780F7281}.Release|x86.Build.0 = Release|Win32
		{36B576FD-3DF9-4A52-948F-B59C780F7281}.RelWithDebInfo|x64.ActiveCfg = Debug|Win32
		{36B576FD-3DF9-4A52-948F-B59C780F7281}.RelWithDebInfo|x64.Build.0 = Debug|Win32
		{36B576FD-3DF9-4A52-948F-B59C780F7281}.RelWithDebInfo|x86.ActiveCfg = Release|Win32
		{36B576FD-3DF9-4A52-948F-B59C780F7281}.RelWithDebInfo|x86.Build.0 = Release|Win32
		{0601C308-10B7-484D-B765-B29C6B1813AF}.Debug|x64.ActiveCfg = Debug|x64
		{0601C308-10B7-484D-B765-B29C6B1813AF}.Debug|x64.Build.0 = Debug|x64
		{0601C308-10B7-484D-B765-B29C6B1813AF}.Debug|x86.ActiveCfg = Debug|Win32
		{0601C308-10B7-484D-B765-B29C6B1813AF}.Debug|x86.Build.0 = Debug|Win32
		{0601C308-10B7-484D-B765-B29C6B1813AF}.MinSizeRel|x64.ActiveCfg = Debug|x64
		{0601C308-10B7-484D-B765-B29C6B1813AF}.MinSizeRel|x64.Build.0 = Debug|x64
		{0601C308-10B7-484D-B765-B29C6B1813AF}.MinSizeRel|x86.ActiveCfg = Debug|Win32
		{0601C308-10B7-484D-B765-B29C6B1813AF}.MinSizeRel|x86.Build.0 = Debug|Win32
		{0601C308-10B7-484D-B765-B29C6B1813AF}.Release|x64.ActiveCfg = Release|x64
		{0601C308-10B7-484D-B765-B29C6B1813AF}.Release|x64.Build.0 = Release|x64
		{0601C308-10B7-484D-B765-B29C6B1813AF}.Release|x86.ActiveCfg = Release|Win32
		{0601C308-10B7-484D-B765-B29C6B1813AF}.Release|x86.Build.0 = Release|Win32
		{0601C308-10B7-484D-B765-B29C6B1813AF}.RelWithDebInfo|x64.ActiveCfg = Release|x64
		{0601C308-10B7-484D-B765-B29C6B1813AF}.RelWithDebInfo|x64.Build.0 = Release|x64
		{0601C308-10B7-484D-B765-B29C6B1813AF}.RelWithDebInfo|x86.ActiveCfg = Release|Win32
		{0601C308-10B7-484D-B765-B29C6B1813AF}.RelWithDebInfo|x86.Build.0 = Release|Win32
		{F6E427F7-D587-4D47-980A-A017BFD722AA}.Debug|x64.ActiveCfg = Debug|x64
		{F6E427F7-D587-4D47-980A-A017BFD722AA}.Debug|x64.Build.0 = Debug|x64
		{F6E427F7-D587-4D47-980A-A017BFD722AA}.Debug|x86.ActiveCfg = Debug|Win32
		{F6E427F7-D587-4D47-980A-A017BFD722AA}.Debug|x86.Build.0 = Debug|Win32
		{F6E427F7-D587-4D47-980A-A017BFD722AA}.MinSizeRel|x64.ActiveCfg = Debug|x64
		{F6E427F7-D587-4D47-980A-A017BFD722AA}.MinSizeRel|x64.Build.0 = Debug|x64
		{F6E427F7-D587-4D47-980A-A017BFD722AA}.MinSizeRel|x86.ActiveCfg = Debug|Win32
		{F6E427F7-D587-4D47-980A-A017BFD722AA}.MinSizeRel|x86.Build.0 = Debug|Win32
		{F6E427F7-D587-4D47-980A-A017BFD722AA}.Release|x64.ActiveCfg = Release|x64
		{F6E427F7-D587-4D47-980A-A017BFD722AA}.Release|x64.Build.0 = Release|x64
		{F6E427F7-D587-4D47-980A-A017BFD722AA}.Release|x86.ActiveCfg = Release|Win32
		{F6E427F7-D587-4D47-980A-A017BFD722AA}.Release|x86.Build.0 = Release|Win32
		{F6E427F7-D587-4D47-980A-A017BFD722AA}.RelWithDebInfo|x64.ActiveCfg = Release|x64
		{F6E427F7-D587-4D47-980A-A017BFD722AA}.RelWithDebInfo|x64.Build.0 = Release|x64
		{F6E427F7-D587-4D47-980A-A017BFD722AA}.RelWithDebInfo|x86.ActiveCfg = Release|Win32
		{F6E427F7-D587-4D47-980A-A017BFD722AA}.RelWithDebInfo|x86.Build.0 = Release|Win32
		{74AB4797-6E6C-4CCA-BF99-8167D3A5C978}.Debug|x64.ActiveCfg = Debug|Win32
		{74AB4797-6E6C-4CCA-BF99-8167D3A5C978}.Debug|x86.ActiveCfg = Debug|Win32
		{74AB4797-6E6C-4CCA-BF99-8167D3A5C978}.Debug|x86.Build.0 = Debug|Win32
		{74AB4797-6E6C-4CCA-BF99-8167D3A5C978}.MinSizeRel|x64.ActiveCfg = Debug|Win32
		{74AB4797-6E6C-4CCA-BF99-8167D3A5C978}.MinSizeRel|x64.Build.0 = Debug|Win32
		{74AB4797-6E6C-4CCA-BF99-8167D3A5C978}.MinSizeRel|x86.ActiveCfg = Debug|Win32
		{74AB4797-6E6C-4CCA-BF99-8167D3A5C978}.MinSizeRel|x86.Build.0 = Debug|Win32
		{74AB4797-6E6C-4CCA-BF99-8167D3A5C978}.Release|x64.ActiveCfg = Release|Win32
		{74AB4797-6E6C-4CCA-BF99-8167D3A5C978}.Release|x86.ActiveCfg = Release|Win32
		{74AB4797-6E6C-4CCA-BF99-8167D3A5C978}.Release|x86.Build.0 = Release|Win32
		{74AB4797-6E6C-4CCA-BF99-8167D3A5C978}.RelWithDebInfo|x64.ActiveCfg = Debug|Win32
		{74AB4797-6E6C-4CCA-BF99-8167D3A5C978}.RelWithDebInfo|x64.Build.0 = Debug|Win32
		{74AB4797-6E6C-4CCA-BF99-8167D3A5C978}.RelWithDebInfo|x86.ActiveCfg = Release|Win32
		{74AB4797-6E6C-4CCA-BF99-8167D3A5C978}.RelWithDebInfo|x86.Build.0 = Release|Win32
		{25C2BC18-73FE-43FE-B5C0-EBE0B1A57E53}.Debug|x64.ActiveCfg = Debug|x64
		{25C2BC18-73FE-43FE-B5C0-EBE0B1A57E53}.Debug|x64.Build.0 = Debug|x64
		{25C2BC18-73FE-43FE-B5C0-EBE0B1A57E53}.Debug|x86.ActiveCfg = Debug|Win32
		{25C2BC18-73FE-43FE-B5C0-EBE0B1A57E53}.Debug|x86.Build.0 = Debug|Win32
		{25C2BC18-73FE-43FE-B5C0-EBE0B1A57E53}.MinSizeRel|x64.ActiveCfg = Debug|x64
		{25C2BC18-73FE-43FE-B5C0-EBE0B1A57E53}.MinSizeRel|x64.Build.0 = Debug|x64
		{25C2BC18-73FE-43FE-B5C0-EBE0B1A57E53}.MinSizeRel|x86.ActiveCfg = Debug|Win32
		{25C2BC18-73FE-43FE-B5C0-EBE0B1A57E53}.MinSizeRel|x86.Build.0 = Debug|Win32
		{25C2BC18-73FE-43FE-B5C0-EBE0B1A57E53}.Release|x64.ActiveCfg = Release|x64
		{25C2BC18-73FE-43FE-B5C0-EBE0B1A57E53}.Release|x64.Build.0 = Release|x64
		{25C2BC18-73FE-43FE-B5C0-EBE0B1A57E53}.Release|x86.ActiveCfg = Release|Win32
		{25C2BC18-73FE-43FE-B5C0-EBE0B1A57E53}.Release|x86.Build.0 = Release|Win32
		{25C2BC18-73FE-43FE-B5C0-EBE0B1A57E53}.RelWithDebInfo|x64.ActiveCfg = Release|x64
		{25C2BC18-73FE-43FE-B5C0-EBE0B1A57E53}.RelWithDebInfo|x64.Build.0 = Release|x64
		{25C2BC18-73FE-43FE-B5C0-EBE0B1A57E53}.RelWithDebInfo|x86.ActiveCfg = Release|Win32
		{25C2BC18-73FE-43FE-B5C0-EBE0B1A57E53}.RelWithDebInfo|x86.Build.0 = Release|Win32
		{717D51AC-0DDC-44F0-9E01-EC2F8D7B0E86}.Debug|x64.ActiveCfg = Debug|x64
		{717D51AC-0DDC-44F0-9E01-EC2F8D7B0E86}.Debug|x64.Build.0 = Debug|x64
		{717D51AC-0DDC-44F0-9E01-EC2F8D7B0E86}.Debug|x86.ActiveCfg = Debug|Win32
		{717D51AC-0DDC-44F0-9E01-EC2F8D7B0E86}.Debug|x86.Build.0 = Debug|Win32
		{717D51AC-0DDC-44F0-9E01-EC2F8D7B0E86}.MinSizeRel|x64.ActiveCfg = Debug|x64
		{717D51AC-0DDC-44F0-9E01-EC2F8D7B0E86}.MinSizeRel|x64.Build.0 = Debug|x64
		{717D51AC-0DDC-44F0-9E01-EC2F8D7B0E86}.MinSizeRel|x86.ActiveCfg = Debug|Win32
		{717D51AC-0DDC-44F0-9E01-EC2F8D7B0E86}.MinSizeRel|x86.Build.0 = Debug|Win32
		{717D51AC-0DDC-44F0-9E01-EC2F8D7B0E86}.Release|x64.ActiveCfg = Release|x64
		{717D51AC-0DDC-44F0-9E01-EC2F8D7B0E86}.Release|x64.Build.0 = Release|x64
		{717D51AC-0DDC-44F0-9E01-EC2F8D7B0E86}.Release|x86.ActiveCfg = Release|Win32
		{717D51AC-0DDC-44F0-9E01-EC2F8D7B0E86}.Release|x86.Build.0 = Release|Win32
		{717D51AC-0DDC-44F0-9E01-EC2F8D7B0E86}.RelWithDebInfo|x64.ActiveCfg = Release|x64
		{717D51AC-0DDC-44F0-9E01-EC2F8D7B0E86}.RelWithDebInfo|x64.Build.0 = Release|x64
		{717D51AC-0DDC-44F0-9E01-EC2F8D7B0E86}.RelWithDebInfo|x86.ActiveCfg = Release|Win32
		{717D51AC-0DDC-44F0-9E01-EC2F8D7B0E86}.RelWithDebInfo|x86.Build.0 = Release|Win32
		{129B4280-355E-4AEF-9786-10F81FBA30CB}.Debug|x64.ActiveCfg = Debug|x64
		{129B4280-355E-4AEF-9786-10F81FBA30CB}.Debug|x64.Build.0 = Debug|x64
		{129B4280-355E-4AEF-9786-10F81FBA30CB}.Debug|x86.ActiveCfg = Debug|Win32
		{129B4280-355E-4AEF-9786-10F81FBA30CB}.Debug|x86.Build.0 = Debug|Win32
		{129B4280-355E-4AEF-9786-10F81FBA30CB}.MinSizeRel|x64.ActiveCfg = Debug|x64
		{129B4280-355E-4AEF-9786-10F81FBA30CB}.MinSizeRel|x64.Build.0 = Debug|x64
		{129B4280-355E-4AEF-9786-10F81FBA30CB}.MinSizeRel|x86.ActiveCfg = Debug|Win32
		{129B4280-355E-4AEF-9786-10F81FBA30CB}.MinSizeRel|x86.Build.0 = Debug|Win32
		{129B4280-355E-4AEF-9786-10F81FBA30CB}.Release|x64.ActiveCfg = Release|x64
		{129B4280-355E-4AEF-9786-10F81FBA30CB}.Release|x64.Build.0 = Release|x64
		{129B4280-355E-4AEF-9786-10F81FBA30CB}.Release|x86.ActiveCfg = Release|Win32
		{129B4280-355E-4AEF-9786-10F81FBA30CB}.Release|x86.Build.0 = Release|Win32
		{129B4280-355E-4AEF-9786-10F81FBA30CB}.RelWithDebInfo|x64.ActiveCfg = Release|x64
		{129B4280-355E-4AEF-9786-10F81FBA30CB}.RelWithDebInfo|x64.Build.0 = Release|x64
		{129B4280-355E-4AEF-9786-10F81FBA30CB}.RelWithDebInfo|x86.ActiveCfg = Release|Win32
		{129B4280-355E-4AEF-9786-10F81FBA30CB}.RelWithDebInfo|x86.Build.0 = Release|Win32
		{63C77A6D-56A5-47C8-9A88-EC68DE610C74}.Debug|x64.ActiveCfg = Debug|Win32
		{63C77A6D-56A5-47C8-9A88-EC68DE610C74}.Debug|x86.ActiveCfg = Debug|Win32
		{63C77A6D-56A5-47C8-9A88-EC68DE610C74}.Debug|x86.Build.0 = Debug|Win32
		{63C77A6D-56A5-47C8-9A88-EC68DE610C74}.MinSizeRel|x64.ActiveCfg = MinSizeRel|Win32
		{63C77A6D-56A5-47C8-9A88-EC68DE610C74}.MinSizeRel|x86.ActiveCfg = MinSizeRel|Win32
		{63C77A6D-56A5-47C8-9A88-EC68DE610C74}.MinSizeRel|x86.Build.0 = MinSizeRel|Win32
		{63C77A6D-56A5-47C8-9A88-EC68DE610C74}.Release|x64.ActiveCfg = Release|Win32
		{63C77A6D-56A5-47C8-9A88-EC68DE610C74}.Release|x86.ActiveCfg = Release|Win32
		{63C77A6D-56A5-47C8-9A88-EC68DE610C74}.Release|x86.Build.0 = Release|Win32
		{63C77A6D-56A5-47C8-9A88-EC68DE610C74}.RelWithDebInfo|x64.ActiveCfg = RelWithDebInfo|Win32
		{63C77A6D-56A5-47C8-9A88-EC68DE610C74}.RelWithDebInfo|x86.ActiveCfg = RelWithDebInfo|Win32
		{63C77A6D-56A5-47C8-9A88-EC68DE610C74}.RelWithDebInfo|x86.Build.0 = RelWithDebInfo|Win32
		{3974D1BD-3A99-4BA1-BF78-8E68A2B324AC}.Debug|x64.ActiveCfg = Debug|Win32
		{3974D1BD-3A99-4BA1-BF78-8E68A2B324AC}.Debug|x86.ActiveCfg = Debug|Win32
		{3974D1BD-3A99-4BA1-BF78-8E68A2B324AC}.Debug|x86.Build.0 = Debug|Win32
		{3974D1BD-3A99-4BA1-BF78-8E68A2B324AC}.MinSizeRel|x64.ActiveCfg = Debug|Win32
		{3974D1BD-3A99-4BA1-BF78-8E68A2B324AC}.MinSizeRel|x64.Build.0 = Debug|Win32
		{3974D1BD-3A99-4BA1-BF78-8E68A2B324AC}.MinSizeRel|x86.ActiveCfg = Debug|Win32
		{3974D1BD-3A99-4BA1-BF78-8E68A2B324AC}.MinSizeRel|x86.Build.0 = Debug|Win32
		{3974D1BD-3A99-4BA1-BF78-8E68A2B324AC}.Release|x64.ActiveCfg = Release|Win32
		{3974D1BD-3A99-4BA1-BF78-8E68A2B324AC}.Release|x86.ActiveCfg = Release|Win32
		{3974D1BD-3A99-4BA1-BF78-8E68A2B324AC}.Release|x86.Build.0 = Release|Win32
		{3974D1BD-3A99-4BA1-BF78-8E68A2B324AC}.RelWithDebInfo|x64.ActiveCfg = Debug|Win32
		{3974D1BD-3A99-4BA1-BF78-8E68A2B324AC}.RelWithDebInfo|x64.Build.0 = Debug|Win32
		{3974D1BD-3A99-4BA1-BF78-8E68A2B324AC}.RelWithDebInfo|x86.ActiveCfg = Release|Win32
		{3974D1BD-3A99-4BA1-BF78-8E68A2B324AC}.RelWithDebInfo|x86.Build.0 = Release|Win32
		{547EDDAA-BCE7-48AC-9822-ECB31E604D5A}.Debug|x64.ActiveCfg = Debug|x64
		{547EDDAA-BCE7-48AC-9822-ECB31E604D5A}.Debug|x64.Build.0 = Debug|x64
		{547EDDAA-BCE7-48AC-9822-ECB31E604D5A}.Debug|x86.ActiveCfg = Debug|Win32
		{547EDDAA-BCE7-48AC-9822-ECB31E604D5A}.Debug|x86.Build.0 = Debug|Win32
		{547EDDAA-BCE7-48AC-9822-ECB31E604D5A}.MinSizeRel|x64.ActiveCfg = Debug|x64
		{547EDDAA-BCE7-48AC-9822-ECB31E604D5A}.MinSizeRel|x64.Build.0 = Debug|x64
		{547EDDAA-BCE7-48AC-9822-ECB31E604D5A}.MinSizeRel|x86.ActiveCfg = Debug|Win32
		{547EDDAA-BCE7-48AC-9822-ECB31E604D5A}.MinSizeRel|x86.Build.0 = Debug|Win32
		{547EDDAA-BCE7-48AC-9822-ECB31E604D5A}.Release|x64.ActiveCfg = Release|x64
		{547EDDAA-BCE7-48AC-9822-ECB31E604D5A}.Release|x64.Build.0 = Release|x64
		{547EDDAA-BCE7-48AC-9822-ECB31E604D5A}.Release|x86.ActiveCfg = Release|Win32
		{547EDDAA-BCE7-48AC-9822-ECB31E604D5A}.Release|x86.Build.0 = Release|Win32
		{547EDDAA-BCE7-48AC-9822-ECB31E604D5A}.RelWithDebInfo|x64.ActiveCfg = Release|x64
		{547EDDAA-BCE7-48AC-9822-ECB31E604D5A}.RelWithDebInfo|x64.Build.0 = Release|x64
		{547EDDAA-BCE7-48AC-9822-ECB31E604D5A}.RelWithDebInfo|x86.ActiveCfg = Release|Win32
		{547EDDAA-BCE7-48AC-9822-ECB31E604D5A}.RelWithDebInfo|x86.Build.0 = Release|Win32
	EndGlobalSection
	GlobalSection(SolutionProperties) = preSolution
		HideSolutionNode = FALSE
	EndGlobalSection
	GlobalSection(ExtensibilityGlobals) = postSolution
		SolutionGuid = {C5D23E78-9A69-4FB9-9B60-8D5FBA5FC194}
	EndGlobalSection
EndGlobal
