<?xml version="1.0" encoding="utf-8"?>
<Project ToolsVersion="4.0" xmlns="http://schemas.microsoft.com/developer/msbuild/2003">
  <ItemGroup>
    <Filter Include="소스 파일">
      <UniqueIdentifier>{4FC737F1-C7A5-4376-A066-2A32D752A2FF}</UniqueIdentifier>
      <Extensions>cpp;c;cc;cxx;def;odl;idl;hpj;bat;asm;asmx</Extensions>
    </Filter>
    <Filter Include="헤더 파일">
      <UniqueIdentifier>{93995380-89BD-4b04-88EB-625FBE52EBFB}</UniqueIdentifier>
      <Extensions>h;hh;hpp;hxx;hm;inl;inc;xsd</Extensions>
    </Filter>
    <Filter Include="리소스 파일">
      <UniqueIdentifier>{67DA6AB6-F800-4c08-8B7A-83BB121AAD01}</UniqueIdentifier>
      <Extensions>rc;ico;cur;bmp;dlg;rc2;rct;bin;rgs;gif;jpg;jpeg;jpe;resx;tiff;tif;png;wav;mfcribbon-ms</Extensions>
    </Filter>
  </ItemGroup>
  <ItemGroup>
    <ClInclude Include="include\config.h">
      <Filter>헤더 파일</Filter>
    </ClInclude>
    <ClInclude Include="include\control.h">
      <Filter>헤더 파일</Filter>
    </ClInclude>
    <ClInclude Include="include\data.h">
      <Filter>헤더 파일</Filter>
    </ClInclude>
    <ClInclude Include="include\debug.h">
      <Filter>헤더 파일</Filter>
    </ClInclude>
    <ClInclude Include="include\devtools.h">
      <Filter>헤더 파일</Filter>
    </ClInclude>
    <ClInclude Include="include\draw.h">
      <Filter>헤더 파일</Filter>
    </ClInclude>
    <ClInclude Include="include\e_bomb.h">
      <Filter>헤더 파일</Filter>
    </ClInclude>
    <ClInclude Include="include\e_bonus.h">
      <Filter>헤더 파일</Filter>
    </ClInclude>
    <ClInclude Include="include\e_box.h">
      <Filter>헤더 파일</Filter>
    </ClInclude>
    <ClInclude Include="include\e_bullet.h">
      <Filter>헤더 파일</Filter>
    </ClInclude>
    <ClInclude Include="include\e_rick.h">
      <Filter>헤더 파일</Filter>
    </ClInclude>
    <ClInclude Include="include\e_sbonus.h">
      <Filter>헤더 파일</Filter>
    </ClInclude>
    <ClInclude Include="include\e_them.h">
      <Filter>헤더 파일</Filter>
    </ClInclude>
    <ClInclude Include="include\ents.h">
      <Filter>헤더 파일</Filter>
    </ClInclude>
    <ClInclude Include="include\game.h">
      <Filter>헤더 파일</Filter>
    </ClInclude>
    <ClInclude Include="include\img.h">
      <Filter>헤더 파일</Filter>
    </ClInclude>
    <ClInclude Include="include\maps.h">
      <Filter>헤더 파일</Filter>
    </ClInclude>
    <ClInclude Include="include\pics.h">
      <Filter>헤더 파일</Filter>
    </ClInclude>
    <ClInclude Include="include\rects.h">
      <Filter>헤더 파일</Filter>
    </ClInclude>
    <ClInclude Include="include\screens.h">
      <Filter>헤더 파일</Filter>
    </ClInclude>
    <ClInclude Include="include\scroller.h">
      <Filter>헤더 파일</Filter>
    </ClInclude>
    <ClInclude Include="include\sprites.h">
      <Filter>헤더 파일</Filter>
    </ClInclude>
    <ClInclude Include="include\syssnd.h">
      <Filter>헤더 파일</Filter>
    </ClInclude>
    <ClInclude Include="include\system.h">
      <Filter>헤더 파일</Filter>
    </ClInclude>
    <ClInclude Include="include\sysvid.h">
      <Filter>헤더 파일</Filter>
    </ClInclude>
    <ClInclude Include="include\tiles.h">
      <Filter>헤더 파일</Filter>
    </ClInclude>
    <ClInclude Include="include\unzip.h">
      <Filter>헤더 파일</Filter>
    </ClInclude>
    <ClInclude Include="include\util.h">
      <Filter>헤더 파일</Filter>
    </ClInclude>
    <ClInclude Include="src\resource.h">
      <Filter>소스 파일</Filter>
    </ClInclude>
  </ItemGroup>
  <ItemGroup>
    <None Include="include\Makefile">
      <Filter>헤더 파일</Filter>
    </None>
    <None Include="src\img_icon.e">
      <Filter>소스 파일</Filter>
    </None>
    <None Include="src\img_splash.e">
      <Filter>소스 파일</Filter>
    </None>
    <None Include="src\Makefile">
      <Filter>소스 파일</Filter>
    </None>
    <None Include="src\sdlcodes.e">
      <Filter>소스 파일</Filter>
    </None>
  </ItemGroup>
  <ItemGroup>
    <ClCompile Include="src\control.c">
      <Filter>소스 파일</Filter>
    </ClCompile>
    <ClCompile Include="src\dat_ents.c">
      <Filter>소스 파일</Filter>
    </ClCompile>
    <ClCompile Include="src\dat_maps.c">
      <Filter>소스 파일</Filter>
    </ClCompile>
    <ClCompile Include="src\dat_picsPC.c">
      <Filter>소스 파일</Filter>
    </ClCompile>
    <ClCompile Include="src\dat_picsST.c">
      <Filter>소스 파일</Filter>
    </ClCompile>
    <ClCompile Include="src\dat_screens.c">
      <Filter>소스 파일</Filter>
    </ClCompile>
    <ClCompile Include="src\dat_snd.c">
      <Filter>소스 파일</Filter>
    </ClCompile>
    <ClCompile Include="src\dat_spritesPC.c">
      <Filter>소스 파일</Filter>
    </ClCompile>
    <ClCompile Include="src\dat_spritesST.c">
      <Filter>소스 파일</Filter>
    </ClCompile>
    <ClCompile Include="src\dat_tilesPC.c">
      <Filter>소스 파일</Filter>
    </ClCompile>
    <ClCompile Include="src\dat_tilesST.c">
      <Filter>소스 파일</Filter>
    </ClCompile>
    <ClCompile Include="src\data.c">
      <Filter>소스 파일</Filter>
    </ClCompile>
    <ClCompile Include="src\devtools.c">
      <Filter>소스 파일</Filter>
    </ClCompile>
    <ClCompile Include="src\draw.c">
      <Filter>소스 파일</Filter>
    </ClCompile>
    <ClCompile Include="src\e_bomb.c">
      <Filter>소스 파일</Filter>
    </ClCompile>
    <ClCompile Include="src\e_bonus.c">
      <Filter>소스 파일</Filter>
    </ClCompile>
    <ClCompile Include="src\e_box.c">
      <Filter>소스 파일</Filter>
    </ClCompile>
    <ClCompile Include="src\e_bullet.c">
      <Filter>소스 파일</Filter>
    </ClCompile>
    <ClCompile Include="src\e_rick.c">
      <Filter>소스 파일</Filter>
    </ClCompile>
    <ClCompile Include="src\e_sbonus.c">
      <Filter>소스 파일</Filter>
    </ClCompile>
    <ClCompile Include="src\e_them.c">
      <Filter>소스 파일</Filter>
    </ClCompile>
    <ClCompile Include="src\ents.c">
      <Filter>소스 파일</Filter>
    </ClCompile>
    <ClCompile Include="src\game.c">
      <Filter>소스 파일</Filter>
    </ClCompile>
    <ClCompile Include="src\maps.c">
      <Filter>소스 파일</Filter>
    </ClCompile>
    <ClCompile Include="src\rects.c">
      <Filter>소스 파일</Filter>
    </ClCompile>
    <ClCompile Include="src\scr_gameover.c">
      <Filter>소스 파일</Filter>
    </ClCompile>
    <ClCompile Include="src\scr_getname.c">
      <Filter>소스 파일</Filter>
    </ClCompile>
    <ClCompile Include="src\scr_imain.c">
      <Filter>소스 파일</Filter>
    </ClCompile>
    <ClCompile Include="src\scr_imap.c">
      <Filter>소스 파일</Filter>
    </ClCompile>
    <ClCompile Include="src\scr_pause.c">
      <Filter>소스 파일</Filter>
    </ClCompile>
    <ClCompile Include="src\scr_xrick.c">
      <Filter>소스 파일</Filter>
    </ClCompile>
    <ClCompile Include="src\scroller.c">
      <Filter>소스 파일</Filter>
    </ClCompile>
    <ClCompile Include="src\sysarg.c">
      <Filter>소스 파일</Filter>
    </ClCompile>
    <ClCompile Include="src\sysevt.c">
      <Filter>소스 파일</Filter>
    </ClCompile>
    <ClCompile Include="src\sysjoy.c">
      <Filter>소스 파일</Filter>
    </ClCompile>
    <ClCompile Include="src\syskbd.c">
      <Filter>소스 파일</Filter>
    </ClCompile>
    <ClCompile Include="src\syssnd.c">
      <Filter>소스 파일</Filter>
    </ClCompile>
    <ClCompile Include="src\system.c">
      <Filter>소스 파일</Filter>
    </ClCompile>
    <ClCompile Include="src\sysvid.c">
      <Filter>소스 파일</Filter>
    </ClCompile>
    <ClCompile Include="src\unzip.c">
      <Filter>소스 파일</Filter>
    </ClCompile>
    <ClCompile Include="src\util.c">
      <Filter>소스 파일</Filter>
    </ClCompile>
    <ClCompile Include="src\xrick.c">
      <Filter>소스 파일</Filter>
    </ClCompile>
  </ItemGroup>
  <ItemGroup>
    <ResourceCompile Include="src\xrick.rc">
      <Filter>소스 파일</Filter>
    </ResourceCompile>
  </ItemGroup>
</Project>