<?xml version="1.0" encoding="utf-8"?>
<Project ToolsVersion="4.0" xmlns="http://schemas.microsoft.com/developer/msbuild/2003">
  <ItemGroup>
    <Filter Include="소스 파일">
      <UniqueIdentifier>{4FC737F1-C7A5-4376-A066-2A32D752A2FF}</UniqueIdentifier>
      <Extensions>cpp;c;cc;cxx;def;odl;idl;hpj;bat;asm;asmx</Extensions>
    </Filter>
    <Filter Include="헤더 파일">
      <UniqueIdentifier>{93995380-89BD-4b04-88EB-625FBE52EBFB}</UniqueIdentifier>
      <Extensions>h;hh;hpp;hxx;hm;inl;inc;xsd</Extensions>
    </Filter>
    <Filter Include="리소스 파일">
      <UniqueIdentifier>{67DA6AB6-F800-4c08-8B7A-83BB121AAD01}</UniqueIdentifier>
      <Extensions>rc;ico;cur;bmp;dlg;rc2;rct;bin;rgs;gif;jpg;jpeg;jpe;resx;tiff;tif;png;wav;mfcribbon-ms</Extensions>
    </Filter>
    <Filter Include="소스 파일\TINYXML">
      <UniqueIdentifier>{d0951f00-4ab3-481c-8485-4fb82a0fd947}</UniqueIdentifier>
    </Filter>
  </ItemGroup>
  <ItemGroup>
    <ClInclude Include="stdafx.h">
      <Filter>헤더 파일</Filter>
    </ClInclude>
    <ClInclude Include="targetver.h">
      <Filter>헤더 파일</Filter>
    </ClInclude>
    <ClInclude Include="dirent.h">
      <Filter>소스 파일</Filter>
    </ClInclude>
    <ClInclude Include="unistd.h">
      <Filter>소스 파일</Filter>
    </ClInclude>
    <ClInclude Include="_mingw.h">
      <Filter>소스 파일</Filter>
    </ClInclude>
    <ClInclude Include="utime.h">
      <Filter>소스 파일</Filter>
    </ClInclude>
    <ClInclude Include="Bindings.h">
      <Filter>소스 파일</Filter>
    </ClInclude>
    <ClInclude Include="CAnimation.h">
      <Filter>소스 파일</Filter>
    </ClInclude>
    <ClInclude Include="CBufferedReader.h">
      <Filter>소스 파일</Filter>
    </ClInclude>
    <ClInclude Include="CDeadToy.h">
      <Filter>소스 파일</Filter>
    </ClInclude>
    <ClInclude Include="CGame.h">
      <Filter>소스 파일</Filter>
    </ClInclude>
    <ClInclude Include="CKdf.h">
      <Filter>소스 파일</Filter>
    </ClInclude>
    <ClInclude Include="CMainMenu.h">
      <Filter>소스 파일</Filter>
    </ClInclude>
    <ClInclude Include="CSdl.h">
      <Filter>소스 파일</Filter>
    </ClInclude>
    <ClInclude Include="CSounds.h">
      <Filter>소스 파일</Filter>
    </ClInclude>
    <ClInclude Include="CSwv_module.h">
      <Filter>소스 파일</Filter>
    </ClInclude>
    <ClInclude Include="CTimer.h">
      <Filter>소스 파일</Filter>
    </ClInclude>
    <ClInclude Include="CVehicle.h">
      <Filter>소스 파일</Filter>
    </ClInclude>
    <ClInclude Include="Main.h">
      <Filter>소스 파일</Filter>
    </ClInclude>
    <ClInclude Include="platform1.h">
      <Filter>소스 파일</Filter>
    </ClInclude>
    <ClInclude Include="resource.h">
      <Filter>소스 파일</Filter>
    </ClInclude>
    <ClInclude Include="Utils.h">
      <Filter>소스 파일</Filter>
    </ClInclude>
    <ClInclude Include="tinyxml\tinystr.h">
      <Filter>소스 파일\TINYXML</Filter>
    </ClInclude>
    <ClInclude Include="tinyxml\tinyxml.h">
      <Filter>소스 파일\TINYXML</Filter>
    </ClInclude>
  </ItemGroup>
  <ItemGroup>
    <ClCompile Include="dummy.cpp">
      <Filter>소스 파일</Filter>
    </ClCompile>
    <ClCompile Include="win-gettimeofday.c">
      <Filter>소스 파일</Filter>
    </ClCompile>
    <ClCompile Include="Bindings.cpp">
      <Filter>소스 파일</Filter>
    </ClCompile>
    <ClCompile Include="CAnimation.cpp">
      <Filter>소스 파일</Filter>
    </ClCompile>
    <ClCompile Include="CBufferedReader.cpp">
      <Filter>소스 파일</Filter>
    </ClCompile>
    <ClCompile Include="CDeadToy.cpp">
      <Filter>소스 파일</Filter>
    </ClCompile>
    <ClCompile Include="CGame.cpp">
      <Filter>소스 파일</Filter>
    </ClCompile>
    <ClCompile Include="CKdf.cpp">
      <Filter>소스 파일</Filter>
    </ClCompile>
    <ClCompile Include="CMainMenu.cpp">
      <Filter>소스 파일</Filter>
    </ClCompile>
    <ClCompile Include="CSdl.cpp">
      <Filter>소스 파일</Filter>
    </ClCompile>
    <ClCompile Include="CSounds.cpp">
      <Filter>소스 파일</Filter>
    </ClCompile>
    <ClCompile Include="CSwv_module.cpp">
      <Filter>소스 파일</Filter>
    </ClCompile>
    <ClCompile Include="CTimer.cpp">
      <Filter>소스 파일</Filter>
    </ClCompile>
    <ClCompile Include="CVehicle.cpp">
      <Filter>소스 파일</Filter>
    </ClCompile>
    <ClCompile Include="Main.cpp">
      <Filter>소스 파일</Filter>
    </ClCompile>
    <ClCompile Include="Utils.cpp">
      <Filter>소스 파일</Filter>
    </ClCompile>
    <ClCompile Include="tinyxml\tinystr.cpp">
      <Filter>소스 파일\TINYXML</Filter>
    </ClCompile>
    <ClCompile Include="tinyxml\tinyxml.cpp">
      <Filter>소스 파일\TINYXML</Filter>
    </ClCompile>
    <ClCompile Include="tinyxml\tinyxmlerror.cpp">
      <Filter>소스 파일\TINYXML</Filter>
    </ClCompile>
    <ClCompile Include="tinyxml\tinyxmlparser.cpp">
      <Filter>소스 파일\TINYXML</Filter>
    </ClCompile>
  </ItemGroup>
</Project>