<?xml version="1.0" encoding="utf-8"?>
<Project ToolsVersion="4.0" xmlns="http://schemas.microsoft.com/developer/msbuild/2003">
  <ItemGroup>
    <Filter Include="소스 파일">
      <UniqueIdentifier>{4FC737F1-C7A5-4376-A066-2A32D752A2FF}</UniqueIdentifier>
      <Extensions>cpp;c;cc;cxx;def;odl;idl;hpj;bat;asm;asmx</Extensions>
    </Filter>
    <Filter Include="헤더 파일">
      <UniqueIdentifier>{93995380-89BD-4b04-88EB-625FBE52EBFB}</UniqueIdentifier>
      <Extensions>h;hh;hpp;hxx;hm;inl;inc;xsd</Extensions>
    </Filter>
    <Filter Include="리소스 파일">
      <UniqueIdentifier>{67DA6AB6-F800-4c08-8B7A-83BB121AAD01}</UniqueIdentifier>
      <Extensions>rc;ico;cur;bmp;dlg;rc2;rct;bin;rgs;gif;jpg;jpeg;jpe;resx;tiff;tif;png;wav;mfcribbon-ms</Extensions>
    </Filter>
  </ItemGroup>
  <ItemGroup>
    <ClCompile Include="src\Animation.cc">
      <Filter>소스 파일</Filter>
    </ClCompile>
    <ClCompile Include="src\binreloc.c">
      <Filter>소스 파일</Filter>
    </ClCompile>
    <ClCompile Include="src\Bonus.cc">
      <Filter>소스 파일</Filter>
    </ClCompile>
    <ClCompile Include="src\BonusLevel.cc">
      <Filter>소스 파일</Filter>
    </ClCompile>
    <ClCompile Include="src\BonusScoreScreen.cc">
      <Filter>소스 파일</Filter>
    </ClCompile>
    <ClCompile Include="src\BonusSpawner.cc">
      <Filter>소스 파일</Filter>
    </ClCompile>
    <ClCompile Include="src\BountyHunter.cc">
      <Filter>소스 파일</Filter>
    </ClCompile>
    <ClCompile Include="src\BrokenBlock.cc">
      <Filter>소스 파일</Filter>
    </ClCompile>
    <ClCompile Include="src\Bullet.cc">
      <Filter>소스 파일</Filter>
    </ClCompile>
    <ClCompile Include="src\BulletHandler.cc">
      <Filter>소스 파일</Filter>
    </ClCompile>
    <ClCompile Include="src\Character.cc">
      <Filter>소스 파일</Filter>
    </ClCompile>
    <ClCompile Include="src\Coin.cc">
      <Filter>소스 파일</Filter>
    </ClCompile>
    <ClCompile Include="src\Collectible.cc">
      <Filter>소스 파일</Filter>
    </ClCompile>
    <ClCompile Include="src\Counter.cc">
      <Filter>소스 파일</Filter>
    </ClCompile>
    <ClCompile Include="src\DamagingExplosion.cc">
      <Filter>소스 파일</Filter>
    </ClCompile>
    <ClCompile Include="src\DarkBountyHunter.cc">
      <Filter>소스 파일</Filter>
    </ClCompile>
    <ClCompile Include="src\DarkExplosion.cc">
      <Filter>소스 파일</Filter>
    </ClCompile>
    <ClCompile Include="src\DarkHunterBullet.cc">
      <Filter>소스 파일</Filter>
    </ClCompile>
    <ClCompile Include="src\datadir.cc">
      <Filter>소스 파일</Filter>
    </ClCompile>
    <ClCompile Include="src\DireSpaceViper.cc">
      <Filter>소스 파일</Filter>
    </ClCompile>
    <ClCompile Include="src\DireSpaceViperBody.cc">
      <Filter>소스 파일</Filter>
    </ClCompile>
    <ClCompile Include="src\Drone.cc">
      <Filter>소스 파일</Filter>
    </ClCompile>
    <ClCompile Include="src\Enemy.cc">
      <Filter>소스 파일</Filter>
    </ClCompile>
    <ClCompile Include="src\Explosion.cc">
      <Filter>소스 파일</Filter>
    </ClCompile>
    <ClCompile Include="src\Field.cc">
      <Filter>소스 파일</Filter>
    </ClCompile>
    <ClCompile Include="src\FileManager.cc">
      <Filter>소스 파일</Filter>
    </ClCompile>
    <ClCompile Include="src\Font.cc">
      <Filter>소스 파일</Filter>
    </ClCompile>
    <ClCompile Include="src\Fuzz.cc">
      <Filter>소스 파일</Filter>
    </ClCompile>
    <ClCompile Include="src\GameLogic.cc">
      <Filter>소스 파일</Filter>
    </ClCompile>
    <ClCompile Include="src\GameMode.cc">
      <Filter>소스 파일</Filter>
    </ClCompile>
    <ClCompile Include="src\GoldDrone.cc">
      <Filter>소스 파일</Filter>
    </ClCompile>
    <ClCompile Include="src\Helmet.cc">
      <Filter>소스 파일</Filter>
    </ClCompile>
    <ClCompile Include="src\Hero.cc">
      <Filter>소스 파일</Filter>
    </ClCompile>
    <ClCompile Include="src\HUD.cc">
      <Filter>소스 파일</Filter>
    </ClCompile>
    <ClCompile Include="src\HunterBullet.cc">
      <Filter>소스 파일</Filter>
    </ClCompile>
    <ClCompile Include="src\Input.cc">
      <Filter>소스 파일</Filter>
    </ClCompile>
    <ClCompile Include="src\LaserBeam.cc">
      <Filter>소스 파일</Filter>
    </ClCompile>
    <ClCompile Include="src\Level.cc">
      <Filter>소스 파일</Filter>
    </ClCompile>
    <ClCompile Include="src\Menu.cc">
      <Filter>소스 파일</Filter>
    </ClCompile>
    <ClCompile Include="src\Nest.cc">
      <Filter>소스 파일</Filter>
    </ClCompile>
    <ClCompile Include="src\Object.cc">
      <Filter>소스 파일</Filter>
    </ClCompile>
    <ClCompile Include="src\PowerBullet.cc">
      <Filter>소스 파일</Filter>
    </ClCompile>
    <ClCompile Include="src\RedFuzz.cc">
      <Filter>소스 파일</Filter>
    </ClCompile>
    <ClCompile Include="src\remar2d.cc">
      <Filter>소스 파일</Filter>
    </ClCompile>
    <ClCompile Include="src\retro.cc">
      <Filter>소스 파일</Filter>
    </ClCompile>
    <ClCompile Include="src\ScoreKeeper.cc">
      <Filter>소스 파일</Filter>
    </ClCompile>
    <ClCompile Include="src\ScoreScreen.cc">
      <Filter>소스 파일</Filter>
    </ClCompile>
    <ClCompile Include="src\ScoreSign.cc">
      <Filter>소스 파일</Filter>
    </ClCompile>
    <ClCompile Include="src\Smoke.cc">
      <Filter>소스 파일</Filter>
    </ClCompile>
    <ClCompile Include="src\SoundManager.cc">
      <Filter>소스 파일</Filter>
    </ClCompile>
    <ClCompile Include="src\SpaceViper.cc">
      <Filter>소스 파일</Filter>
    </ClCompile>
    <ClCompile Include="src\SpaceViperBody.cc">
      <Filter>소스 파일</Filter>
    </ClCompile>
    <ClCompile Include="src\Spawner.cc">
      <Filter>소스 파일</Filter>
    </ClCompile>
    <ClCompile Include="src\Sprite.cc">
      <Filter>소스 파일</Filter>
    </ClCompile>
    <ClCompile Include="src\SpriteInstance.cc">
      <Filter>소스 파일</Filter>
    </ClCompile>
    <ClCompile Include="src\SurfaceCache.cc">
      <Filter>소스 파일</Filter>
    </ClCompile>
    <ClCompile Include="src\Tile.cc">
      <Filter>소스 파일</Filter>
    </ClCompile>
    <ClCompile Include="src\TileSet.cc">
      <Filter>소스 파일</Filter>
    </ClCompile>
    <ClCompile Include="src\tinystr.cpp">
      <Filter>소스 파일</Filter>
    </ClCompile>
    <ClCompile Include="src\tinyxml.cpp">
      <Filter>소스 파일</Filter>
    </ClCompile>
    <ClCompile Include="src\tinyxmlerror.cpp">
      <Filter>소스 파일</Filter>
    </ClCompile>
    <ClCompile Include="src\tinyxmlparser.cpp">
      <Filter>소스 파일</Filter>
    </ClCompile>
  </ItemGroup>
  <ItemGroup>
    <ClInclude Include="src\Animation.h">
      <Filter>소스 파일</Filter>
    </ClInclude>
    <ClInclude Include="src\binreloc.h">
      <Filter>소스 파일</Filter>
    </ClInclude>
    <ClInclude Include="src\Bonus.h">
      <Filter>소스 파일</Filter>
    </ClInclude>
    <ClInclude Include="src\BonusLevel.h">
      <Filter>소스 파일</Filter>
    </ClInclude>
    <ClInclude Include="src\BonusScoreScreen.h">
      <Filter>소스 파일</Filter>
    </ClInclude>
    <ClInclude Include="src\BonusSpawner.h">
      <Filter>소스 파일</Filter>
    </ClInclude>
    <ClInclude Include="src\BountyHunter.h">
      <Filter>소스 파일</Filter>
    </ClInclude>
    <ClInclude Include="src\BrokenBlock.h">
      <Filter>소스 파일</Filter>
    </ClInclude>
    <ClInclude Include="src\Bullet.h">
      <Filter>소스 파일</Filter>
    </ClInclude>
    <ClInclude Include="src\BulletHandler.h">
      <Filter>소스 파일</Filter>
    </ClInclude>
    <ClInclude Include="src\Character.h">
      <Filter>소스 파일</Filter>
    </ClInclude>
    <ClInclude Include="src\Coin.h">
      <Filter>소스 파일</Filter>
    </ClInclude>
    <ClInclude Include="src\Collectible.h">
      <Filter>소스 파일</Filter>
    </ClInclude>
    <ClInclude Include="src\Counter.h">
      <Filter>소스 파일</Filter>
    </ClInclude>
    <ClInclude Include="src\DamagingExplosion.h">
      <Filter>소스 파일</Filter>
    </ClInclude>
    <ClInclude Include="src\DarkBountyHunter.h">
      <Filter>소스 파일</Filter>
    </ClInclude>
    <ClInclude Include="src\DarkExplosion.h">
      <Filter>소스 파일</Filter>
    </ClInclude>
    <ClInclude Include="src\DarkHunterBullet.h">
      <Filter>소스 파일</Filter>
    </ClInclude>
    <ClInclude Include="src\datadir.h">
      <Filter>소스 파일</Filter>
    </ClInclude>
    <ClInclude Include="src\DireSpaceViper.h">
      <Filter>소스 파일</Filter>
    </ClInclude>
    <ClInclude Include="src\DireSpaceViperBody.h">
      <Filter>소스 파일</Filter>
    </ClInclude>
    <ClInclude Include="src\Drone.h">
      <Filter>소스 파일</Filter>
    </ClInclude>
    <ClInclude Include="src\Enemy.h">
      <Filter>소스 파일</Filter>
    </ClInclude>
    <ClInclude Include="src\Explosion.h">
      <Filter>소스 파일</Filter>
    </ClInclude>
    <ClInclude Include="src\Field.h">
      <Filter>소스 파일</Filter>
    </ClInclude>
    <ClInclude Include="src\FileManager.h">
      <Filter>소스 파일</Filter>
    </ClInclude>
    <ClInclude Include="src\Font.h">
      <Filter>소스 파일</Filter>
    </ClInclude>
    <ClInclude Include="src\Frame.h">
      <Filter>소스 파일</Filter>
    </ClInclude>
    <ClInclude Include="src\Fuzz.h">
      <Filter>소스 파일</Filter>
    </ClInclude>
    <ClInclude Include="src\GameLogic.h">
      <Filter>소스 파일</Filter>
    </ClInclude>
    <ClInclude Include="src\GameMode.h">
      <Filter>소스 파일</Filter>
    </ClInclude>
    <ClInclude Include="src\GoldDrone.h">
      <Filter>소스 파일</Filter>
    </ClInclude>
    <ClInclude Include="src\Helmet.h">
      <Filter>소스 파일</Filter>
    </ClInclude>
    <ClInclude Include="src\Hero.h">
      <Filter>소스 파일</Filter>
    </ClInclude>
    <ClInclude Include="src\HUD.h">
      <Filter>소스 파일</Filter>
    </ClInclude>
    <ClInclude Include="src\HunterBullet.h">
      <Filter>소스 파일</Filter>
    </ClInclude>
    <ClInclude Include="src\Input.h">
      <Filter>소스 파일</Filter>
    </ClInclude>
    <ClInclude Include="src\LaserBeam.h">
      <Filter>소스 파일</Filter>
    </ClInclude>
    <ClInclude Include="src\Level.h">
      <Filter>소스 파일</Filter>
    </ClInclude>
    <ClInclude Include="src\Menu.h">
      <Filter>소스 파일</Filter>
    </ClInclude>
    <ClInclude Include="src\Nest.h">
      <Filter>소스 파일</Filter>
    </ClInclude>
    <ClInclude Include="src\Object.h">
      <Filter>소스 파일</Filter>
    </ClInclude>
    <ClInclude Include="src\PowerBullet.h">
      <Filter>소스 파일</Filter>
    </ClInclude>
    <ClInclude Include="src\RedFuzz.h">
      <Filter>소스 파일</Filter>
    </ClInclude>
    <ClInclude Include="src\remar2d.h">
      <Filter>소스 파일</Filter>
    </ClInclude>
    <ClInclude Include="src\ScoreKeeper.h">
      <Filter>소스 파일</Filter>
    </ClInclude>
    <ClInclude Include="src\ScoreScreen.h">
      <Filter>소스 파일</Filter>
    </ClInclude>
    <ClInclude Include="src\ScoreSign.h">
      <Filter>소스 파일</Filter>
    </ClInclude>
    <ClInclude Include="src\Smoke.h">
      <Filter>소스 파일</Filter>
    </ClInclude>
    <ClInclude Include="src\SoundManager.h">
      <Filter>소스 파일</Filter>
    </ClInclude>
    <ClInclude Include="src\SpaceViper.h">
      <Filter>소스 파일</Filter>
    </ClInclude>
    <ClInclude Include="src\SpaceViperBody.h">
      <Filter>소스 파일</Filter>
    </ClInclude>
    <ClInclude Include="src\Spawner.h">
      <Filter>소스 파일</Filter>
    </ClInclude>
    <ClInclude Include="src\Sprite.h">
      <Filter>소스 파일</Filter>
    </ClInclude>
    <ClInclude Include="src\SpriteInstance.h">
      <Filter>소스 파일</Filter>
    </ClInclude>
    <ClInclude Include="src\SurfaceCache.h">
      <Filter>소스 파일</Filter>
    </ClInclude>
    <ClInclude Include="src\Tile.h">
      <Filter>소스 파일</Filter>
    </ClInclude>
    <ClInclude Include="src\TileSet.h">
      <Filter>소스 파일</Filter>
    </ClInclude>
    <ClInclude Include="src\tinystr.h">
      <Filter>소스 파일</Filter>
    </ClInclude>
    <ClInclude Include="src\tinyxml.h">
      <Filter>소스 파일</Filter>
    </ClInclude>
  </ItemGroup>
  <ItemGroup>
    <None Include="src\Makefile">
      <Filter>소스 파일</Filter>
    </None>
    <None Include="src\REVISIONS">
      <Filter>소스 파일</Filter>
    </None>
  </ItemGroup>
</Project>