<?xml version="1.0" encoding="utf-8"?>
<Project ToolsVersion="4.0" xmlns="http://schemas.microsoft.com/developer/msbuild/2003">
  <ItemGroup>
    <Filter Include="소스 파일">
      <UniqueIdentifier>{4FC737F1-C7A5-4376-A066-2A32D752A2FF}</UniqueIdentifier>
      <Extensions>cpp;c;cc;cxx;def;odl;idl;hpj;bat;asm;asmx</Extensions>
    </Filter>
    <Filter Include="헤더 파일">
      <UniqueIdentifier>{93995380-89BD-4b04-88EB-625FBE52EBFB}</UniqueIdentifier>
      <Extensions>h;hh;hpp;hxx;hm;inl;inc;xsd</Extensions>
    </Filter>
    <Filter Include="리소스 파일">
      <UniqueIdentifier>{67DA6AB6-F800-4c08-8B7A-83BB121AAD01}</UniqueIdentifier>
      <Extensions>rc;ico;cur;bmp;dlg;rc2;rct;bin;rgs;gif;jpg;jpeg;jpe;resx;tiff;tif;png;wav;mfcribbon-ms</Extensions>
    </Filter>
  </ItemGroup>
  <ItemGroup>
    <ClInclude Include="stdafx.h">
      <Filter>헤더 파일</Filter>
    </ClInclude>
    <ClInclude Include="targetver.h">
      <Filter>헤더 파일</Filter>
    </ClInclude>
    <ClInclude Include="dirent.h">
      <Filter>소스 파일</Filter>
    </ClInclude>
    <ClInclude Include="unistd.h">
      <Filter>소스 파일</Filter>
    </ClInclude>
    <ClInclude Include="2DCMC.h">
      <Filter>소스 파일</Filter>
    </ClInclude>
    <ClInclude Include="auxiliar.h">
      <Filter>소스 파일</Filter>
    </ClInclude>
    <ClInclude Include="CCar.h">
      <Filter>소스 파일</Filter>
    </ClInclude>
    <ClInclude Include="CPlayer.h">
      <Filter>소스 파일</Filter>
    </ClInclude>
    <ClInclude Include="debug.h">
      <Filter>소스 파일</Filter>
    </ClInclude>
    <ClInclude Include="EnemyCCar.h">
      <Filter>소스 파일</Filter>
    </ClInclude>
    <ClInclude Include="F1Shttp.h">
      <Filter>소스 파일</Filter>
    </ClInclude>
    <ClInclude Include="F1Spirit.h">
      <Filter>소스 파일</Filter>
    </ClInclude>
    <ClInclude Include="F1SpiritApp.h">
      <Filter>소스 파일</Filter>
    </ClInclude>
    <ClInclude Include="F1Spirit-auxiliar.h">
      <Filter>소스 파일</Filter>
    </ClInclude>
    <ClInclude Include="F1SpiritGame.h">
      <Filter>소스 파일</Filter>
    </ClInclude>
    <ClInclude Include="F1SpiritTrackViewer.h">
      <Filter>소스 파일</Filter>
    </ClInclude>
    <ClInclude Include="filehandling.h">
      <Filter>소스 파일</Filter>
    </ClInclude>
    <ClInclude Include="GameParameters.h">
      <Filter>소스 파일</Filter>
    </ClInclude>
    <ClInclude Include="geometrics.h">
      <Filter>소스 파일</Filter>
    </ClInclude>
    <ClInclude Include="GLTile.h">
      <Filter>소스 파일</Filter>
    </ClInclude>
    <ClInclude Include="icon32.h">
      <Filter>소스 파일</Filter>
    </ClInclude>
    <ClInclude Include="keyboardstate.h">
      <Filter>소스 파일</Filter>
    </ClInclude>
    <ClInclude Include="List.h">
      <Filter>소스 파일</Filter>
    </ClInclude>
    <ClInclude Include="PlacedGLTile.h">
      <Filter>소스 파일</Filter>
    </ClInclude>
    <ClInclude Include="PlayerCCar.h">
      <Filter>소스 파일</Filter>
    </ClInclude>
    <ClInclude Include="RacingCCar.h">
      <Filter>소스 파일</Filter>
    </ClInclude>
    <ClInclude Include="randomc.h">
      <Filter>소스 파일</Filter>
    </ClInclude>
    <ClInclude Include="ReplayInfo.h">
      <Filter>소스 파일</Filter>
    </ClInclude>
    <ClInclude Include="RoadPiece.h">
      <Filter>소스 파일</Filter>
    </ClInclude>
    <ClInclude Include="RotatedGLTile.h">
      <Filter>소스 파일</Filter>
    </ClInclude>
    <ClInclude Include="SDL_glutaux.h">
      <Filter>소스 파일</Filter>
    </ClInclude>
    <ClInclude Include="sound.h">
      <Filter>소스 파일</Filter>
    </ClInclude>
    <ClInclude Include="track.h">
      <Filter>소스 파일</Filter>
    </ClInclude>
    <ClInclude Include="Vector.h">
      <Filter>소스 파일</Filter>
    </ClInclude>
  </ItemGroup>
  <ItemGroup>
    <ClCompile Include="dummy.cpp">
      <Filter>소스 파일</Filter>
    </ClCompile>
    <ClCompile Include="win-gettimeofday.c">
      <Filter>소스 파일</Filter>
    </ClCompile>
    <ClCompile Include="2DCMC.cpp">
      <Filter>소스 파일</Filter>
    </ClCompile>
    <ClCompile Include="auxiliar.cpp">
      <Filter>소스 파일</Filter>
    </ClCompile>
    <ClCompile Include="CarEngineSound.cpp">
      <Filter>소스 파일</Filter>
    </ClCompile>
    <ClCompile Include="CCar.cpp">
      <Filter>소스 파일</Filter>
    </ClCompile>
    <ClCompile Include="CPlayer.cpp">
      <Filter>소스 파일</Filter>
    </ClCompile>
    <ClCompile Include="debug.cpp">
      <Filter>소스 파일</Filter>
    </ClCompile>
    <ClCompile Include="EnemyCCar.cpp">
      <Filter>소스 파일</Filter>
    </ClCompile>
    <ClCompile Include="F1SComputer.cpp">
      <Filter>소스 파일</Filter>
    </ClCompile>
    <ClCompile Include="F1Shttp.cpp">
      <Filter>소스 파일</Filter>
    </ClCompile>
    <ClCompile Include="F1SpiritApp.cpp">
      <Filter>소스 파일</Filter>
    </ClCompile>
    <ClCompile Include="F1Spirit-auxiliar.cpp">
      <Filter>소스 파일</Filter>
    </ClCompile>
    <ClCompile Include="F1SpiritGame.cpp">
      <Filter>소스 파일</Filter>
    </ClCompile>
    <ClCompile Include="F1SpiritTrackViewer.cpp">
      <Filter>소스 파일</Filter>
    </ClCompile>
    <ClCompile Include="filehandling.cpp">
      <Filter>소스 파일</Filter>
    </ClCompile>
    <ClCompile Include="GameParameters.cpp">
      <Filter>소스 파일</Filter>
    </ClCompile>
    <ClCompile Include="geometrics.cpp">
      <Filter>소스 파일</Filter>
    </ClCompile>
    <ClCompile Include="GLTile.cpp">
      <Filter>소스 파일</Filter>
    </ClCompile>
    <ClCompile Include="GLtile-f1.cpp">
      <Filter>소스 파일</Filter>
    </ClCompile>
    <ClCompile Include="keyboardstate.cpp">
      <Filter>소스 파일</Filter>
    </ClCompile>
    <ClCompile Include="main.cpp">
      <Filter>소스 파일</Filter>
    </ClCompile>
    <ClCompile Include="PlacedGLTile.cpp">
      <Filter>소스 파일</Filter>
    </ClCompile>
    <ClCompile Include="PlayerCCar.cpp">
      <Filter>소스 파일</Filter>
    </ClCompile>
    <ClCompile Include="RacingCCar.cpp">
      <Filter>소스 파일</Filter>
    </ClCompile>
    <ClCompile Include="ranrotb.cpp">
      <Filter>소스 파일</Filter>
    </ClCompile>
    <ClCompile Include="ReplayInfo.cpp">
      <Filter>소스 파일</Filter>
    </ClCompile>
    <ClCompile Include="RoadPiece.cpp">
      <Filter>소스 파일</Filter>
    </ClCompile>
    <ClCompile Include="RotatedGLTile.cpp">
      <Filter>소스 파일</Filter>
    </ClCompile>
    <ClCompile Include="SDL_glutaux.cpp">
      <Filter>소스 파일</Filter>
    </ClCompile>
    <ClCompile Include="sound.cpp">
      <Filter>소스 파일</Filter>
    </ClCompile>
    <ClCompile Include="state_disclaimer.cpp">
      <Filter>소스 파일</Filter>
    </ClCompile>
    <ClCompile Include="state_endsequence.cpp">
      <Filter>소스 파일</Filter>
    </ClCompile>
    <ClCompile Include="state_gameoptions.cpp">
      <Filter>소스 파일</Filter>
    </ClCompile>
    <ClCompile Include="state_gamestart.cpp">
      <Filter>소스 파일</Filter>
    </ClCompile>
    <ClCompile Include="state_hiscore.cpp">
      <Filter>소스 파일</Filter>
    </ClCompile>
    <ClCompile Include="state_konami.cpp">
      <Filter>소스 파일</Filter>
    </ClCompile>
    <ClCompile Include="state_menu.cpp">
      <Filter>소스 파일</Filter>
    </ClCompile>
    <ClCompile Include="state_menu_create_menu.cpp">
      <Filter>소스 파일</Filter>
    </ClCompile>
    <ClCompile Include="state_menu_draw.cpp">
      <Filter>소스 파일</Filter>
    </ClCompile>
    <ClCompile Include="state_race.cpp">
      <Filter>소스 파일</Filter>
    </ClCompile>
    <ClCompile Include="state_race_result.cpp">
      <Filter>소스 파일</Filter>
    </ClCompile>
    <ClCompile Include="state_replaymanager.cpp">
      <Filter>소스 파일</Filter>
    </ClCompile>
    <ClCompile Include="state_title.cpp">
      <Filter>소스 파일</Filter>
    </ClCompile>
    <ClCompile Include="state_trackload.cpp">
      <Filter>소스 파일</Filter>
    </ClCompile>
    <ClCompile Include="track.cpp">
      <Filter>소스 파일</Filter>
    </ClCompile>
    <ClCompile Include="Vector.cpp">
      <Filter>소스 파일</Filter>
    </ClCompile>
    <ClCompile Include="weather.cpp">
      <Filter>소스 파일</Filter>
    </ClCompile>
  </ItemGroup>
</Project>